PODS:
  - Bolts (1.2.0):
    - Bolts/AppLinks (= 1.2.0)
    - Bolts/Tasks (= 1.2.0)
  - Bolts/AppLinks (1.2.0):
    - Bolts/Tasks
  - Bolts/Tasks (1.2.0)
  - Facebook-iOS-SDK (3.23.2):
    - Bolts (~> 1.0)
  - Google-Maps-iOS-SDK (1.8.1)
  - Google/Analytics (1.0.7):
    - Google/Core
    - GoogleAnalytics (~> 3.12)
  - Google/Core (1.0.7):
    - GoogleNetworkingUtilities (~> 1.0)
    - GoogleSymbolUtilities (~> 1.0)
    - GoogleUtilities (~> 1.0)
  - GoogleAnalytics (3.13.0)
  - GoogleNetworkingUtilities (1.0.0):
    - GoogleSymbolUtilities (~> 1.0)
  - GoogleSymbolUtilities (1.0.0)
  - GoogleUtilities (1.0.1):
    - GoogleSymbolUtilities (~> 1.0)
  - iCarousel (1.8)
  - Masonry (0.5.3)
  - Parse (1.6.5):
    - Bolts (~> 1.1)
  - ParseCrashReporting (1.6.5):
    - Parse (~> 1.6.5)
  - ParseFacebookUtils (1.6.5):
    - Facebook-iOS-SDK (~> 3.20)
    - Parse (~> 1.6.5)
  - pop (1.0.6)

DEPENDENCIES:
  - Facebook-iOS-SDK (~> 3.17)
  - Google-Maps-iOS-SDK (~> 1.8)
  - Google/Analytics (~> 1.0.0)
  - iCarousel (~> 1.8)
  - Masonry (~> 0.5)
  - Parse (~> 1.6.2)
  - ParseCrashReporting (~> 1.6.2)
  - ParseFacebookUtils (~> 1.6.2)
  - pop (~> 1.0)

SPEC CHECKSUMS:
  Bolts: d176cb1e0012175589e389a9db49b85e27787576
  Facebook-iOS-SDK: cd87f0b2f0c1d9574b44e8fa2baacc275524bac3
  Google: 875f5a8ade86dd02e36586e4a54814843938c7f6
  Google-Maps-iOS-SDK: ac676d383fccd332bcb0abb24e483891b5956bb4
  GoogleAnalytics: fcf1f1cad57ae1a9a53520018f0f680ceeeb8b49
  GoogleNetworkingUtilities: 292992ab31b7b4ba32809a0e8b40e324cdfb2c0c
  GoogleSymbolUtilities: a7b0feed1fe667c8d5e647177938d0ecd62d6948
  GoogleUtilities: e3475cd4d45134221d2f3f3626095a1c49b62041
  iCarousel: f3e180611656b4b83e9f36e55c6f95a73b714b81
  Masonry: 9f515466afe48632562342a40a1c224071a1a022
  Parse: a21db4037d70a68a4ec64ecc0f327ed475cc14f8
  ParseCrashReporting: bc2418de3e198d032e8263c68fa2b98d6bcd964e
  ParseFacebookUtils: 4d58d0f133fa1af52f3a8d5caaa55cd435118ac4
  pop: 1d978024a33fcf46426b42e60fb32e685d1f1d2e

COCOAPODS: 0.38.2
