<?xml version="1.0" encoding="UTF-8"?>
<!DOCTYPE plist PUBLIC "-//Apple//DTD PLIST 1.0//EN" "http://www.apple.com/DTDs/PropertyList-1.0.dtd">
<plist version="1.0">
<dict>
	<key>archiveVersion</key>
	<string>1</string>
	<key>classes</key>
	<dict/>
	<key>objectVersion</key>
	<string>46</string>
	<key>objects</key>
	<dict>
		<key>1ADD77F251EC4AB29E379A83</key>
		<dict>
			<key>fileRef</key>
			<string>36964091027C46C399137B26</string>
			<key>isa</key>
			<string>PBXBuildFile</string>
		</dict>
		<key>36964091027C46C399137B26</key>
		<dict>
			<key>explicitFileType</key>
			<string>archive.ar</string>
			<key>includeInIndex</key>
			<string>0</string>
			<key>isa</key>
			<string>PBXFileReference</string>
			<key>path</key>
			<string>libPods-whatsgoinon.a</string>
			<key>sourceTree</key>
			<string>BUILT_PRODUCTS_DIR</string>
		</dict>
		<key>5D02BB448E8247C09D943B14</key>
		<dict>
			<key>includeInIndex</key>
			<string>1</string>
			<key>isa</key>
			<string>PBXFileReference</string>
			<key>lastKnownFileType</key>
			<string>text.xcconfig</string>
			<key>name</key>
			<string>Pods-whatsgoinon.xcconfig</string>
			<key>path</key>
			<string>Pods/Pods-whatsgoinon.xcconfig</string>
			<key>sourceTree</key>
			<string>&lt;group&gt;</string>
		</dict>
		<key>72A5B9D45EC646D58E1FB5BF</key>
		<dict>
			<key>buildActionMask</key>
			<string>2147483647</string>
			<key>files</key>
			<array/>
			<key>inputPaths</key>
			<array/>
			<key>isa</key>
			<string>PBXShellScriptBuildPhase</string>
			<key>name</key>
			<string>Check Pods Manifest.lock</string>
			<key>outputPaths</key>
			<array/>
			<key>runOnlyForDeploymentPostprocessing</key>
			<string>0</string>
			<key>shellPath</key>
			<string>/bin/sh</string>
			<key>shellScript</key>
			<string>diff "${PODS_ROOT}/../Podfile.lock" "${PODS_ROOT}/Manifest.lock" &gt; /dev/null
if [[ $? != 0 ]] ; then
    cat &lt;&lt; EOM
error: The sandbox is not in sync with the Podfile.lock. Run 'pod install' or update your CocoaPods installation.
EOM
    exit 1
fi
</string>
			<key>showEnvVarsInLog</key>
			<string>0</string>
		</dict>
		<key>73B5527B8DD541019EF126CB</key>
		<dict>
			<key>buildActionMask</key>
			<string>2147483647</string>
			<key>files</key>
			<array/>
			<key>inputPaths</key>
			<array/>
			<key>isa</key>
			<string>PBXShellScriptBuildPhase</string>
			<key>name</key>
			<string>Copy Pods Resources</string>
			<key>outputPaths</key>
			<array/>
			<key>runOnlyForDeploymentPostprocessing</key>
			<string>0</string>
			<key>shellPath</key>
			<string>/bin/sh</string>
			<key>shellScript</key>
			<string>"${SRCROOT}/Pods/Pods-whatsgoinon-resources.sh"
</string>
			<key>showEnvVarsInLog</key>
			<string>0</string>
		</dict>
		<key>F437BF781990452000CF61E9</key>
		<dict>
			<key>children</key>
			<array>
				<string>F437BF8A1990452000CF61E9</string>
				<string>F437BFA91990452000CF61E9</string>
				<string>F437BF831990452000CF61E9</string>
				<string>F437BF821990452000CF61E9</string>
				<string>5D02BB448E8247C09D943B14</string>
			</array>
			<key>isa</key>
			<string>PBXGroup</string>
			<key>sourceTree</key>
			<string>&lt;group&gt;</string>
		</dict>
		<key>F437BF791990452000CF61E9</key>
		<dict>
			<key>attributes</key>
			<dict>
				<key>CLASSPREFIX</key>
				<string>DE</string>
				<key>LastUpgradeCheck</key>
				<string>0500</string>
				<key>ORGANIZATIONNAME</key>
				<string>adeiji</string>
				<key>TargetAttributes</key>
				<dict>
					<key>F437BFA11990452000CF61E9</key>
					<dict>
						<key>TestTargetID</key>
						<string>F437BF801990452000CF61E9</string>
					</dict>
				</dict>
			</dict>
			<key>buildConfigurationList</key>
			<string>F437BF7C1990452000CF61E9</string>
			<key>compatibilityVersion</key>
			<string>Xcode 3.2</string>
			<key>developmentRegion</key>
			<string>English</string>
			<key>hasScannedForEncodings</key>
			<string>0</string>
			<key>isa</key>
			<string>PBXProject</string>
			<key>knownRegions</key>
			<array>
				<string>en</string>
				<string>Base</string>
			</array>
			<key>mainGroup</key>
			<string>F437BF781990452000CF61E9</string>
			<key>productRefGroup</key>
			<string>F437BF821990452000CF61E9</string>
			<key>projectDirPath</key>
			<string></string>
			<key>projectReferences</key>
			<array/>
			<key>projectRoot</key>
			<string></string>
			<key>targets</key>
			<array>
				<string>F437BF801990452000CF61E9</string>
				<string>F437BFA11990452000CF61E9</string>
			</array>
		</dict>
		<key>F437BF7C1990452000CF61E9</key>
		<dict>
			<key>buildConfigurations</key>
			<array>
				<string>F437BFB11990452000CF61E9</string>
				<string>F437BFB21990452000CF61E9</string>
			</array>
			<key>defaultConfigurationIsVisible</key>
			<string>0</string>
			<key>defaultConfigurationName</key>
			<string>Release</string>
			<key>isa</key>
			<string>XCConfigurationList</string>
		</dict>
		<key>F437BF7D1990452000CF61E9</key>
		<dict>
			<key>buildActionMask</key>
			<string>2147483647</string>
			<key>files</key>
			<array>
				<string>F4774F851992E38400FCDE66</string>
				<string>F4774FA51995655500FCDE66</string>
				<string>F437C0091991A72E00CF61E9</string>
				<string>F437C0101991CDEB00CF61E9</string>
				<string>F4774F891992E40C00FCDE66</string>
				<string>F4CCBD7A199B0A9900532E9B</string>
				<string>F437BF911990452000CF61E9</string>
				<string>F4774FB019996A9B00FCDE66</string>
				<string>F437BF9B1990452000CF61E9</string>
				<string>F4774F9519944B9400FCDE66</string>
				<string>F437C0171991CE7E00CF61E9</string>
				<string>F4774FA819956BBE00FCDE66</string>
				<string>F437C0061991A2C000CF61E9</string>
				<string>F437BFF11991968200CF61E9</string>
				<string>F4774FAB199575CE00FCDE66</string>
				<string>F437C0131991CE0C00CF61E9</string>
				<string>F437BF951990452000CF61E9</string>
				<string>F4774FB6199974A600FCDE66</string>
				<string>F437C00D1991AB3D00CF61E9</string>
				<string>F4CCBD6019997D6600532E9B</string>
				<string>F4CCBD6819997FCF00532E9B</string>
				<string>F4774F911994398F00FCDE66</string>
				<string>F4774FA21995653D00FCDE66</string>
				<string>F4774FB319996E7B00FCDE66</string>
				<string>F437BFD519918DF800CF61E9</string>
				<string>F4CCBD7E199BD6F500532E9B</string>
				<string>F4CCBD6C199980B800532E9B</string>
				<string>F4774F9B19955E4200FCDE66</string>
				<string>F437BFFF19919F3200CF61E9</string>
				<string>F437BFF519919B9B00CF61E9</string>
				<string>F4CCBD81199BF30200532E9B</string>
				<string>F4774F9F1995629500FCDE66</string>
			</array>
			<key>isa</key>
			<string>PBXSourcesBuildPhase</string>
			<key>runOnlyForDeploymentPostprocessing</key>
			<string>0</string>
		</dict>
		<key>F437BF7E1990452000CF61E9</key>
		<dict>
			<key>buildActionMask</key>
			<string>2147483647</string>
			<key>files</key>
			<array>
				<string>F437BFED1991911900CF61E9</string>
				<string>F437BFEB1991911100CF61E9</string>
				<string>F437BFE91991910800CF61E9</string>
				<string>F4CCBD74199AADBD00532E9B</string>
				<string>F437BFE7199190FF00CF61E9</string>
				<string>F437BFE5199190F500CF61E9</string>
				<string>F437BFE3199190EA00CF61E9</string>
				<string>F437BFE1199190C900CF61E9</string>
				<string>F437BFDF199190B600CF61E9</string>
				<string>F437BFDD199190AC00CF61E9</string>
				<string>F437BFDB199190A600CF61E9</string>
				<string>F437BFD9199190A100CF61E9</string>
				<string>F437BF871990452000CF61E9</string>
				<string>F437BF891990452000CF61E9</string>
				<string>F437BFD71991906300CF61E9</string>
				<string>F437BF851990452000CF61E9</string>
				<string>1ADD77F251EC4AB29E379A83</string>
			</array>
			<key>isa</key>
			<string>PBXFrameworksBuildPhase</string>
			<key>runOnlyForDeploymentPostprocessing</key>
			<string>0</string>
		</dict>
		<key>F437BF7F1990452000CF61E9</key>
		<dict>
			<key>buildActionMask</key>
			<string>2147483647</string>
			<key>files</key>
			<array>
				<string>F437BFCE19918A4500CF61E9</string>
				<string>F4CCBD6919997FCF00532E9B</string>
				<string>F437BFC419904A4200CF61E9</string>
				<string>F437BFC2199049D300CF61E9</string>
				<string>F437BFCC199185D000CF61E9</string>
				<string>F437BF9D1990452000CF61E9</string>
				<string>F437BF8F1990452000CF61E9</string>
				<string>F437BFCA199053B000CF61E9</string>
				<string>F4CCBD76199AADBD00532E9B</string>
				<string>F437BFBE199048AF00CF61E9</string>
				<string>F437BFC81990500500CF61E9</string>
				<string>F437BF981990452000CF61E9</string>
				<string>F437BFD019918B2200CF61E9</string>
				<string>F4CCBD75199AADBD00532E9B</string>
				<string>F437BFC619904E4E00CF61E9</string>
				<string>F437BFBA1990486500CF61E9</string>
			</array>
			<key>isa</key>
			<string>PBXResourcesBuildPhase</string>
			<key>runOnlyForDeploymentPostprocessing</key>
			<string>0</string>
		</dict>
		<key>F437BF801990452000CF61E9</key>
		<dict>
			<key>buildConfigurationList</key>
			<string>F437BFB31990452000CF61E9</string>
			<key>buildPhases</key>
			<array>
				<string>72A5B9D45EC646D58E1FB5BF</string>
				<string>F437BF7D1990452000CF61E9</string>
				<string>F437BF7E1990452000CF61E9</string>
				<string>F437BF7F1990452000CF61E9</string>
				<string>73B5527B8DD541019EF126CB</string>
			</array>
			<key>buildRules</key>
			<array/>
			<key>dependencies</key>
			<array/>
			<key>isa</key>
			<string>PBXNativeTarget</string>
			<key>name</key>
			<string>whatsgoinon</string>
			<key>productName</key>
			<string>whatsgoinon</string>
			<key>productReference</key>
			<string>F437BF811990452000CF61E9</string>
			<key>productType</key>
			<string>com.apple.product-type.application</string>
		</dict>
		<key>F437BF811990452000CF61E9</key>
		<dict>
			<key>explicitFileType</key>
			<string>wrapper.application</string>
			<key>includeInIndex</key>
			<string>0</string>
			<key>isa</key>
			<string>PBXFileReference</string>
			<key>path</key>
			<string>whatsgoinon.app</string>
			<key>sourceTree</key>
			<string>BUILT_PRODUCTS_DIR</string>
		</dict>
		<key>F437BF821990452000CF61E9</key>
		<dict>
			<key>children</key>
			<array>
				<string>F437BF811990452000CF61E9</string>
				<string>F437BFA21990452000CF61E9</string>
			</array>
			<key>isa</key>
			<string>PBXGroup</string>
			<key>name</key>
			<string>Products</string>
			<key>sourceTree</key>
			<string>&lt;group&gt;</string>
		</dict>
		<key>F437BF831990452000CF61E9</key>
		<dict>
			<key>children</key>
			<array>
				<string>F437BFEC1991911900CF61E9</string>
				<string>F437BFEA1991911100CF61E9</string>
				<string>F437BFE81991910800CF61E9</string>
				<string>F437BFE6199190FF00CF61E9</string>
				<string>F437BFE4199190F500CF61E9</string>
				<string>F437BFE2199190EA00CF61E9</string>
				<string>F437BFE0199190C900CF61E9</string>
				<string>F437BFDE199190B600CF61E9</string>
				<string>F437BFDC199190AC00CF61E9</string>
				<string>F437BFDA199190A600CF61E9</string>
				<string>F437BFD8199190A000CF61E9</string>
				<string>F437BFD61991906300CF61E9</string>
				<string>F437BF841990452000CF61E9</string>
				<string>F437BF861990452000CF61E9</string>
				<string>F437BF881990452000CF61E9</string>
				<string>F437BFA31990452000CF61E9</string>
				<string>36964091027C46C399137B26</string>
			</array>
			<key>isa</key>
			<string>PBXGroup</string>
			<key>name</key>
			<string>Frameworks</string>
			<key>sourceTree</key>
			<string>&lt;group&gt;</string>
		</dict>
		<key>F437BF841990452000CF61E9</key>
		<dict>
			<key>isa</key>
			<string>PBXFileReference</string>
			<key>lastKnownFileType</key>
			<string>wrapper.framework</string>
			<key>name</key>
			<string>Foundation.framework</string>
			<key>path</key>
			<string>System/Library/Frameworks/Foundation.framework</string>
			<key>sourceTree</key>
			<string>SDKROOT</string>
		</dict>
		<key>F437BF851990452000CF61E9</key>
		<dict>
			<key>fileRef</key>
			<string>F437BF841990452000CF61E9</string>
			<key>isa</key>
			<string>PBXBuildFile</string>
		</dict>
		<key>F437BF861990452000CF61E9</key>
		<dict>
			<key>isa</key>
			<string>PBXFileReference</string>
			<key>lastKnownFileType</key>
			<string>wrapper.framework</string>
			<key>name</key>
			<string>CoreGraphics.framework</string>
			<key>path</key>
			<string>System/Library/Frameworks/CoreGraphics.framework</string>
			<key>sourceTree</key>
			<string>SDKROOT</string>
		</dict>
		<key>F437BF871990452000CF61E9</key>
		<dict>
			<key>fileRef</key>
			<string>F437BF861990452000CF61E9</string>
			<key>isa</key>
			<string>PBXBuildFile</string>
		</dict>
		<key>F437BF881990452000CF61E9</key>
		<dict>
			<key>isa</key>
			<string>PBXFileReference</string>
			<key>lastKnownFileType</key>
			<string>wrapper.framework</string>
			<key>name</key>
			<string>UIKit.framework</string>
			<key>path</key>
			<string>System/Library/Frameworks/UIKit.framework</string>
			<key>sourceTree</key>
			<string>SDKROOT</string>
		</dict>
		<key>F437BF891990452000CF61E9</key>
		<dict>
			<key>fileRef</key>
			<string>F437BF881990452000CF61E9</string>
			<key>isa</key>
			<string>PBXBuildFile</string>
		</dict>
		<key>F437BF8A1990452000CF61E9</key>
		<dict>
			<key>children</key>
			<array>
				<string>F4CCBD77199B0A4A00532E9B</string>
				<string>F4CCBD6D199AADBD00532E9B</string>
				<string>F4CCBD6119997F9A00532E9B</string>
				<string>F4774F9C1995628700FCDE66</string>
				<string>F4774F9619955E0B00FCDE66</string>
				<string>F4774F8E199438DD00FCDE66</string>
				<string>F437C00A1991AB2F00CF61E9</string>
				<string>F437BFF219919B7200CF61E9</string>
				<string>F437BFEE1991967300CF61E9</string>
				<string>F437BFD119918CD200CF61E9</string>
				<string>F437BFBC199048A100CF61E9</string>
				<string>F437BFBB1990489A00CF61E9</string>
				<string>F437BF931990452000CF61E9</string>
				<string>F437BF941990452000CF61E9</string>
				<string>F437BF991990452000CF61E9</string>
				<string>F437BF9A1990452000CF61E9</string>
				<string>F437BF9C1990452000CF61E9</string>
				<string>F437BF8B1990452000CF61E9</string>
			</array>
			<key>isa</key>
			<string>PBXGroup</string>
			<key>path</key>
			<string>whatsgoinon</string>
			<key>sourceTree</key>
			<string>&lt;group&gt;</string>
		</dict>
		<key>F437BF8B1990452000CF61E9</key>
		<dict>
			<key>children</key>
			<array>
				<string>F437BF8C1990452000CF61E9</string>
				<string>F437BF8D1990452000CF61E9</string>
				<string>F437BF901990452000CF61E9</string>
				<string>F437BF921990452000CF61E9</string>
			</array>
			<key>isa</key>
			<string>PBXGroup</string>
			<key>name</key>
			<string>Supporting Files</string>
			<key>sourceTree</key>
			<string>&lt;group&gt;</string>
		</dict>
		<key>F437BF8C1990452000CF61E9</key>
		<dict>
			<key>isa</key>
			<string>PBXFileReference</string>
			<key>lastKnownFileType</key>
			<string>text.plist.xml</string>
			<key>path</key>
			<string>whatsgoinon-Info.plist</string>
			<key>sourceTree</key>
			<string>&lt;group&gt;</string>
		</dict>
		<key>F437BF8D1990452000CF61E9</key>
		<dict>
			<key>children</key>
			<array>
				<string>F437BF8E1990452000CF61E9</string>
			</array>
			<key>isa</key>
			<string>PBXVariantGroup</string>
			<key>name</key>
			<string>InfoPlist.strings</string>
			<key>sourceTree</key>
			<string>&lt;group&gt;</string>
		</dict>
		<key>F437BF8E1990452000CF61E9</key>
		<dict>
			<key>isa</key>
			<string>PBXFileReference</string>
			<key>lastKnownFileType</key>
			<string>text.plist.strings</string>
			<key>name</key>
			<string>en</string>
			<key>path</key>
			<string>en.lproj/InfoPlist.strings</string>
			<key>sourceTree</key>
			<string>&lt;group&gt;</string>
		</dict>
		<key>F437BF8F1990452000CF61E9</key>
		<dict>
			<key>fileRef</key>
			<string>F437BF8D1990452000CF61E9</string>
			<key>isa</key>
			<string>PBXBuildFile</string>
		</dict>
		<key>F437BF901990452000CF61E9</key>
		<dict>
			<key>isa</key>
			<string>PBXFileReference</string>
			<key>lastKnownFileType</key>
			<string>sourcecode.c.objc</string>
			<key>path</key>
			<string>main.m</string>
			<key>sourceTree</key>
			<string>&lt;group&gt;</string>
		</dict>
		<key>F437BF911990452000CF61E9</key>
		<dict>
			<key>fileRef</key>
			<string>F437BF901990452000CF61E9</string>
			<key>isa</key>
			<string>PBXBuildFile</string>
		</dict>
		<key>F437BF921990452000CF61E9</key>
		<dict>
			<key>isa</key>
			<string>PBXFileReference</string>
			<key>lastKnownFileType</key>
			<string>sourcecode.c.h</string>
			<key>path</key>
			<string>whatsgoinon-Prefix.pch</string>
			<key>sourceTree</key>
			<string>&lt;group&gt;</string>
		</dict>
		<key>F437BF931990452000CF61E9</key>
		<dict>
			<key>isa</key>
			<string>PBXFileReference</string>
			<key>lastKnownFileType</key>
			<string>sourcecode.c.h</string>
			<key>path</key>
			<string>DEAppDelegate.h</string>
			<key>sourceTree</key>
			<string>&lt;group&gt;</string>
		</dict>
		<key>F437BF941990452000CF61E9</key>
		<dict>
			<key>isa</key>
			<string>PBXFileReference</string>
			<key>lastKnownFileType</key>
			<string>sourcecode.c.objc</string>
			<key>path</key>
			<string>DEAppDelegate.m</string>
			<key>sourceTree</key>
			<string>&lt;group&gt;</string>
		</dict>
		<key>F437BF951990452000CF61E9</key>
		<dict>
			<key>fileRef</key>
			<string>F437BF941990452000CF61E9</string>
			<key>isa</key>
			<string>PBXBuildFile</string>
		</dict>
		<key>F437BF961990452000CF61E9</key>
		<dict>
			<key>children</key>
			<array>
				<string>F437BF971990452000CF61E9</string>
			</array>
			<key>isa</key>
			<string>PBXVariantGroup</string>
			<key>name</key>
			<string>Login.storyboard</string>
			<key>sourceTree</key>
			<string>&lt;group&gt;</string>
		</dict>
		<key>F437BF971990452000CF61E9</key>
		<dict>
			<key>isa</key>
			<string>PBXFileReference</string>
			<key>lastKnownFileType</key>
			<string>file.storyboard</string>
			<key>name</key>
			<string>Base</string>
			<key>path</key>
			<string>Base.lproj/Login.storyboard</string>
			<key>sourceTree</key>
			<string>&lt;group&gt;</string>
		</dict>
		<key>F437BF981990452000CF61E9</key>
		<dict>
			<key>fileRef</key>
			<string>F437BF961990452000CF61E9</string>
			<key>isa</key>
			<string>PBXBuildFile</string>
		</dict>
		<key>F437BF991990452000CF61E9</key>
		<dict>
			<key>isa</key>
			<string>PBXFileReference</string>
			<key>lastKnownFileType</key>
			<string>sourcecode.c.h</string>
			<key>path</key>
			<string>DEViewController.h</string>
			<key>sourceTree</key>
			<string>&lt;group&gt;</string>
		</dict>
		<key>F437BF9A1990452000CF61E9</key>
		<dict>
			<key>isa</key>
			<string>PBXFileReference</string>
			<key>lastKnownFileType</key>
			<string>sourcecode.c.objc</string>
			<key>path</key>
			<string>DEViewController.m</string>
			<key>sourceTree</key>
			<string>&lt;group&gt;</string>
		</dict>
		<key>F437BF9B1990452000CF61E9</key>
		<dict>
			<key>fileRef</key>
			<string>F437BF9A1990452000CF61E9</string>
			<key>isa</key>
			<string>PBXBuildFile</string>
		</dict>
		<key>F437BF9C1990452000CF61E9</key>
		<dict>
			<key>isa</key>
			<string>PBXFileReference</string>
			<key>lastKnownFileType</key>
			<string>folder.assetcatalog</string>
			<key>path</key>
			<string>Images.xcassets</string>
			<key>sourceTree</key>
			<string>&lt;group&gt;</string>
		</dict>
		<key>F437BF9D1990452000CF61E9</key>
		<dict>
			<key>fileRef</key>
			<string>F437BF9C1990452000CF61E9</string>
			<key>isa</key>
			<string>PBXBuildFile</string>
		</dict>
		<key>F437BF9E1990452000CF61E9</key>
		<dict>
			<key>buildActionMask</key>
			<string>2147483647</string>
			<key>files</key>
			<array>
				<string>F437BFB01990452000CF61E9</string>
			</array>
			<key>isa</key>
			<string>PBXSourcesBuildPhase</string>
			<key>runOnlyForDeploymentPostprocessing</key>
			<string>0</string>
		</dict>
		<key>F437BF9F1990452000CF61E9</key>
		<dict>
			<key>buildActionMask</key>
			<string>2147483647</string>
			<key>files</key>
			<array>
				<string>F437BFA41990452000CF61E9</string>
				<string>F437BFA61990452000CF61E9</string>
				<string>F437BFA51990452000CF61E9</string>
			</array>
			<key>isa</key>
			<string>PBXFrameworksBuildPhase</string>
			<key>runOnlyForDeploymentPostprocessing</key>
			<string>0</string>
		</dict>
		<key>F437BFA01990452000CF61E9</key>
		<dict>
			<key>buildActionMask</key>
			<string>2147483647</string>
			<key>files</key>
			<array>
				<string>F437BFAE1990452000CF61E9</string>
			</array>
			<key>isa</key>
			<string>PBXResourcesBuildPhase</string>
			<key>runOnlyForDeploymentPostprocessing</key>
			<string>0</string>
		</dict>
		<key>F437BFA11990452000CF61E9</key>
		<dict>
			<key>buildConfigurationList</key>
			<string>F437BFB61990452000CF61E9</string>
			<key>buildPhases</key>
			<array>
				<string>F437BF9E1990452000CF61E9</string>
				<string>F437BF9F1990452000CF61E9</string>
				<string>F437BFA01990452000CF61E9</string>
			</array>
			<key>buildRules</key>
			<array/>
			<key>dependencies</key>
			<array>
				<string>F437BFA81990452000CF61E9</string>
			</array>
			<key>isa</key>
			<string>PBXNativeTarget</string>
			<key>name</key>
			<string>whatsgoinonTests</string>
			<key>productName</key>
			<string>whatsgoinonTests</string>
			<key>productReference</key>
			<string>F437BFA21990452000CF61E9</string>
			<key>productType</key>
			<string>com.apple.product-type.bundle.unit-test</string>
		</dict>
		<key>F437BFA21990452000CF61E9</key>
		<dict>
			<key>explicitFileType</key>
			<string>wrapper.cfbundle</string>
			<key>includeInIndex</key>
			<string>0</string>
			<key>isa</key>
			<string>PBXFileReference</string>
			<key>path</key>
			<string>whatsgoinonTests.xctest</string>
			<key>sourceTree</key>
			<string>BUILT_PRODUCTS_DIR</string>
		</dict>
		<key>F437BFA31990452000CF61E9</key>
		<dict>
			<key>isa</key>
			<string>PBXFileReference</string>
			<key>lastKnownFileType</key>
			<string>wrapper.framework</string>
			<key>name</key>
			<string>XCTest.framework</string>
			<key>path</key>
			<string>Library/Frameworks/XCTest.framework</string>
			<key>sourceTree</key>
			<string>DEVELOPER_DIR</string>
		</dict>
		<key>F437BFA41990452000CF61E9</key>
		<dict>
			<key>fileRef</key>
			<string>F437BFA31990452000CF61E9</string>
			<key>isa</key>
			<string>PBXBuildFile</string>
		</dict>
		<key>F437BFA51990452000CF61E9</key>
		<dict>
			<key>fileRef</key>
			<string>F437BF841990452000CF61E9</string>
			<key>isa</key>
			<string>PBXBuildFile</string>
		</dict>
		<key>F437BFA61990452000CF61E9</key>
		<dict>
			<key>fileRef</key>
			<string>F437BF881990452000CF61E9</string>
			<key>isa</key>
			<string>PBXBuildFile</string>
		</dict>
		<key>F437BFA71990452000CF61E9</key>
		<dict>
			<key>containerPortal</key>
			<string>F437BF791990452000CF61E9</string>
			<key>isa</key>
			<string>PBXContainerItemProxy</string>
			<key>proxyType</key>
			<string>1</string>
			<key>remoteGlobalIDString</key>
			<string>F437BF801990452000CF61E9</string>
			<key>remoteInfo</key>
			<string>whatsgoinon</string>
		</dict>
		<key>F437BFA81990452000CF61E9</key>
		<dict>
			<key>isa</key>
			<string>PBXTargetDependency</string>
			<key>target</key>
			<string>F437BF801990452000CF61E9</string>
			<key>targetProxy</key>
			<string>F437BFA71990452000CF61E9</string>
		</dict>
		<key>F437BFA91990452000CF61E9</key>
		<dict>
			<key>children</key>
			<array>
				<string>F437BFAF1990452000CF61E9</string>
				<string>F437BFAA1990452000CF61E9</string>
			</array>
			<key>isa</key>
			<string>PBXGroup</string>
			<key>path</key>
			<string>whatsgoinonTests</string>
			<key>sourceTree</key>
			<string>&lt;group&gt;</string>
		</dict>
		<key>F437BFAA1990452000CF61E9</key>
		<dict>
			<key>children</key>
			<array>
				<string>F437BFAB1990452000CF61E9</string>
				<string>F437BFAC1990452000CF61E9</string>
			</array>
			<key>isa</key>
			<string>PBXGroup</string>
			<key>name</key>
			<string>Supporting Files</string>
			<key>sourceTree</key>
			<string>&lt;group&gt;</string>
		</dict>
		<key>F437BFAB1990452000CF61E9</key>
		<dict>
			<key>isa</key>
			<string>PBXFileReference</string>
			<key>lastKnownFileType</key>
			<string>text.plist.xml</string>
			<key>path</key>
			<string>whatsgoinonTests-Info.plist</string>
			<key>sourceTree</key>
			<string>&lt;group&gt;</string>
		</dict>
		<key>F437BFAC1990452000CF61E9</key>
		<dict>
			<key>children</key>
			<array>
				<string>F437BFAD1990452000CF61E9</string>
			</array>
			<key>isa</key>
			<string>PBXVariantGroup</string>
			<key>name</key>
			<string>InfoPlist.strings</string>
			<key>sourceTree</key>
			<string>&lt;group&gt;</string>
		</dict>
		<key>F437BFAD1990452000CF61E9</key>
		<dict>
			<key>isa</key>
			<string>PBXFileReference</string>
			<key>lastKnownFileType</key>
			<string>text.plist.strings</string>
			<key>name</key>
			<string>en</string>
			<key>path</key>
			<string>en.lproj/InfoPlist.strings</string>
			<key>sourceTree</key>
			<string>&lt;group&gt;</string>
		</dict>
		<key>F437BFAE1990452000CF61E9</key>
		<dict>
			<key>fileRef</key>
			<string>F437BFAC1990452000CF61E9</string>
			<key>isa</key>
			<string>PBXBuildFile</string>
		</dict>
		<key>F437BFAF1990452000CF61E9</key>
		<dict>
			<key>isa</key>
			<string>PBXFileReference</string>
			<key>lastKnownFileType</key>
			<string>sourcecode.c.objc</string>
			<key>path</key>
			<string>whatsgoinonTests.m</string>
			<key>sourceTree</key>
			<string>&lt;group&gt;</string>
		</dict>
		<key>F437BFB01990452000CF61E9</key>
		<dict>
			<key>fileRef</key>
			<string>F437BFAF1990452000CF61E9</string>
			<key>isa</key>
			<string>PBXBuildFile</string>
		</dict>
		<key>F437BFB11990452000CF61E9</key>
		<dict>
			<key>buildSettings</key>
			<dict>
				<key>ALWAYS_SEARCH_USER_PATHS</key>
				<string>NO</string>
				<key>ARCHS</key>
				<string>$(ARCHS_STANDARD_INCLUDING_64_BIT)</string>
				<key>CLANG_CXX_LANGUAGE_STANDARD</key>
				<string>gnu++0x</string>
				<key>CLANG_CXX_LIBRARY</key>
				<string>libc++</string>
				<key>CLANG_ENABLE_MODULES</key>
				<string>YES</string>
				<key>CLANG_ENABLE_OBJC_ARC</key>
				<string>YES</string>
				<key>CLANG_WARN_BOOL_CONVERSION</key>
				<string>YES</string>
				<key>CLANG_WARN_CONSTANT_CONVERSION</key>
				<string>YES</string>
				<key>CLANG_WARN_DIRECT_OBJC_ISA_USAGE</key>
				<string>YES_ERROR</string>
				<key>CLANG_WARN_EMPTY_BODY</key>
				<string>YES</string>
				<key>CLANG_WARN_ENUM_CONVERSION</key>
				<string>YES</string>
				<key>CLANG_WARN_INT_CONVERSION</key>
				<string>YES</string>
				<key>CLANG_WARN_OBJC_ROOT_CLASS</key>
				<string>YES_ERROR</string>
				<key>CLANG_WARN__DUPLICATE_METHOD_MATCH</key>
				<string>YES</string>
				<key>CODE_SIGN_IDENTITY[sdk=iphoneos*]</key>
				<string>iPhone Developer</string>
				<key>COPY_PHASE_STRIP</key>
				<string>NO</string>
				<key>GCC_C_LANGUAGE_STANDARD</key>
				<string>gnu99</string>
				<key>GCC_DYNAMIC_NO_PIC</key>
				<string>NO</string>
				<key>GCC_OPTIMIZATION_LEVEL</key>
				<string>0</string>
				<key>GCC_PREPROCESSOR_DEFINITIONS</key>
				<array>
					<string>DEBUG=1</string>
					<string>$(inherited)</string>
				</array>
				<key>GCC_SYMBOLS_PRIVATE_EXTERN</key>
				<string>NO</string>
				<key>GCC_WARN_64_TO_32_BIT_CONVERSION</key>
				<string>YES</string>
				<key>GCC_WARN_ABOUT_RETURN_TYPE</key>
				<string>YES_ERROR</string>
				<key>GCC_WARN_UNDECLARED_SELECTOR</key>
				<string>YES</string>
				<key>GCC_WARN_UNINITIALIZED_AUTOS</key>
				<string>YES</string>
				<key>GCC_WARN_UNUSED_FUNCTION</key>
				<string>YES</string>
				<key>GCC_WARN_UNUSED_VARIABLE</key>
				<string>YES</string>
				<key>IPHONEOS_DEPLOYMENT_TARGET</key>
				<string>7.0</string>
				<key>ONLY_ACTIVE_ARCH</key>
				<string>YES</string>
				<key>SDKROOT</key>
				<string>iphoneos</string>
			</dict>
			<key>isa</key>
			<string>XCBuildConfiguration</string>
			<key>name</key>
			<string>Debug</string>
		</dict>
		<key>F437BFB21990452000CF61E9</key>
		<dict>
			<key>buildSettings</key>
			<dict>
				<key>ALWAYS_SEARCH_USER_PATHS</key>
				<string>NO</string>
				<key>ARCHS</key>
				<string>$(ARCHS_STANDARD_INCLUDING_64_BIT)</string>
				<key>CLANG_CXX_LANGUAGE_STANDARD</key>
				<string>gnu++0x</string>
				<key>CLANG_CXX_LIBRARY</key>
				<string>libc++</string>
				<key>CLANG_ENABLE_MODULES</key>
				<string>YES</string>
				<key>CLANG_ENABLE_OBJC_ARC</key>
				<string>YES</string>
				<key>CLANG_WARN_BOOL_CONVERSION</key>
				<string>YES</string>
				<key>CLANG_WARN_CONSTANT_CONVERSION</key>
				<string>YES</string>
				<key>CLANG_WARN_DIRECT_OBJC_ISA_USAGE</key>
				<string>YES_ERROR</string>
				<key>CLANG_WARN_EMPTY_BODY</key>
				<string>YES</string>
				<key>CLANG_WARN_ENUM_CONVERSION</key>
				<string>YES</string>
				<key>CLANG_WARN_INT_CONVERSION</key>
				<string>YES</string>
				<key>CLANG_WARN_OBJC_ROOT_CLASS</key>
				<string>YES_ERROR</string>
				<key>CLANG_WARN__DUPLICATE_METHOD_MATCH</key>
				<string>YES</string>
				<key>CODE_SIGN_IDENTITY[sdk=iphoneos*]</key>
				<string>iPhone Developer</string>
				<key>COPY_PHASE_STRIP</key>
				<string>YES</string>
				<key>ENABLE_NS_ASSERTIONS</key>
				<string>NO</string>
				<key>GCC_C_LANGUAGE_STANDARD</key>
				<string>gnu99</string>
				<key>GCC_WARN_64_TO_32_BIT_CONVERSION</key>
				<string>YES</string>
				<key>GCC_WARN_ABOUT_RETURN_TYPE</key>
				<string>YES_ERROR</string>
				<key>GCC_WARN_UNDECLARED_SELECTOR</key>
				<string>YES</string>
				<key>GCC_WARN_UNINITIALIZED_AUTOS</key>
				<string>YES</string>
				<key>GCC_WARN_UNUSED_FUNCTION</key>
				<string>YES</string>
				<key>GCC_WARN_UNUSED_VARIABLE</key>
				<string>YES</string>
				<key>IPHONEOS_DEPLOYMENT_TARGET</key>
				<string>7.0</string>
				<key>SDKROOT</key>
				<string>iphoneos</string>
				<key>VALIDATE_PRODUCT</key>
				<string>YES</string>
			</dict>
			<key>isa</key>
			<string>XCBuildConfiguration</string>
			<key>name</key>
			<string>Release</string>
		</dict>
		<key>F437BFB31990452000CF61E9</key>
		<dict>
			<key>buildConfigurations</key>
			<array>
				<string>F437BFB41990452000CF61E9</string>
				<string>F437BFB51990452000CF61E9</string>
			</array>
			<key>defaultConfigurationIsVisible</key>
			<string>0</string>
			<key>defaultConfigurationName</key>
			<string>Release</string>
			<key>isa</key>
			<string>XCConfigurationList</string>
		</dict>
		<key>F437BFB41990452000CF61E9</key>
		<dict>
			<key>baseConfigurationReference</key>
			<string>5D02BB448E8247C09D943B14</string>
			<key>buildSettings</key>
			<dict>
				<key>ASSETCATALOG_COMPILER_APPICON_NAME</key>
				<string>AppIcon</string>
				<key>ASSETCATALOG_COMPILER_LAUNCHIMAGE_NAME</key>
				<string>LaunchImage</string>
				<key>FRAMEWORK_SEARCH_PATHS</key>
				<array>
					<string>$(inherited)</string>
					<string>/Users/adeiji/Documents/Dephyned/apps/whatsgoingon/mobile-app/whatsgoinon</string>
				</array>
				<key>GCC_PRECOMPILE_PREFIX_HEADER</key>
				<string>YES</string>
				<key>GCC_PREFIX_HEADER</key>
				<string>whatsgoinon/whatsgoinon-Prefix.pch</string>
				<key>INFOPLIST_FILE</key>
				<string>whatsgoinon/whatsgoinon-Info.plist</string>
				<key>LIBRARY_SEARCH_PATHS</key>
				<array>
					<string>$(inherited)</string>
					<string>/Users/adeiji/Documents/Dephyned/apps/whatsgoingon/mobile-app/whatsgoinon/whatsgoinon/TestFlightSDK3.0.2</string>
				</array>
				<key>PRODUCT_NAME</key>
				<string>$(TARGET_NAME)</string>
				<key>PROVISIONING_PROFILE</key>
				<string>92DB1A98-9D7F-4E49-95F8-382CEC48DB45</string>
				<key>WRAPPER_EXTENSION</key>
				<string>app</string>
			</dict>
			<key>isa</key>
			<string>XCBuildConfiguration</string>
			<key>name</key>
			<string>Debug</string>
		</dict>
		<key>F437BFB51990452000CF61E9</key>
		<dict>
			<key>baseConfigurationReference</key>
			<string>5D02BB448E8247C09D943B14</string>
			<key>buildSettings</key>
			<dict>
				<key>ASSETCATALOG_COMPILER_APPICON_NAME</key>
				<string>AppIcon</string>
				<key>ASSETCATALOG_COMPILER_LAUNCHIMAGE_NAME</key>
				<string>LaunchImage</string>
				<key>FRAMEWORK_SEARCH_PATHS</key>
				<array>
					<string>$(inherited)</string>
					<string>/Users/adeiji/Documents/Dephyned/apps/whatsgoingon/mobile-app/whatsgoinon</string>
				</array>
				<key>GCC_PRECOMPILE_PREFIX_HEADER</key>
				<string>YES</string>
				<key>GCC_PREFIX_HEADER</key>
				<string>whatsgoinon/whatsgoinon-Prefix.pch</string>
				<key>INFOPLIST_FILE</key>
				<string>whatsgoinon/whatsgoinon-Info.plist</string>
				<key>LIBRARY_SEARCH_PATHS</key>
				<array>
					<string>$(inherited)</string>
					<string>/Users/adeiji/Documents/Dephyned/apps/whatsgoingon/mobile-app/whatsgoinon/whatsgoinon/TestFlightSDK3.0.2</string>
				</array>
				<key>PRODUCT_NAME</key>
				<string>$(TARGET_NAME)</string>
				<key>PROVISIONING_PROFILE</key>
				<string>92DB1A98-9D7F-4E49-95F8-382CEC48DB45</string>
				<key>WRAPPER_EXTENSION</key>
				<string>app</string>
			</dict>
			<key>isa</key>
			<string>XCBuildConfiguration</string>
			<key>name</key>
			<string>Release</string>
		</dict>
		<key>F437BFB61990452000CF61E9</key>
		<dict>
			<key>buildConfigurations</key>
			<array>
				<string>F437BFB71990452000CF61E9</string>
				<string>F437BFB81990452000CF61E9</string>
			</array>
			<key>defaultConfigurationIsVisible</key>
			<string>0</string>
			<key>defaultConfigurationName</key>
			<string>Release</string>
			<key>isa</key>
			<string>XCConfigurationList</string>
		</dict>
		<key>F437BFB71990452000CF61E9</key>
		<dict>
			<key>buildSettings</key>
			<dict>
				<key>ARCHS</key>
				<string>$(ARCHS_STANDARD_INCLUDING_64_BIT)</string>
				<key>BUNDLE_LOADER</key>
				<string>$(BUILT_PRODUCTS_DIR)/whatsgoinon.app/whatsgoinon</string>
				<key>FRAMEWORK_SEARCH_PATHS</key>
				<array>
					<string>$(SDKROOT)/Developer/Library/Frameworks</string>
					<string>$(inherited)</string>
					<string>$(DEVELOPER_FRAMEWORKS_DIR)</string>
				</array>
				<key>GCC_PRECOMPILE_PREFIX_HEADER</key>
				<string>YES</string>
				<key>GCC_PREFIX_HEADER</key>
				<string>whatsgoinon/whatsgoinon-Prefix.pch</string>
				<key>GCC_PREPROCESSOR_DEFINITIONS</key>
				<array>
					<string>DEBUG=1</string>
					<string>$(inherited)</string>
				</array>
				<key>INFOPLIST_FILE</key>
				<string>whatsgoinonTests/whatsgoinonTests-Info.plist</string>
				<key>PRODUCT_NAME</key>
				<string>$(TARGET_NAME)</string>
				<key>TEST_HOST</key>
				<string>$(BUNDLE_LOADER)</string>
				<key>WRAPPER_EXTENSION</key>
				<string>xctest</string>
			</dict>
			<key>isa</key>
			<string>XCBuildConfiguration</string>
			<key>name</key>
			<string>Debug</string>
		</dict>
		<key>F437BFB81990452000CF61E9</key>
		<dict>
			<key>buildSettings</key>
			<dict>
				<key>ARCHS</key>
				<string>$(ARCHS_STANDARD_INCLUDING_64_BIT)</string>
				<key>BUNDLE_LOADER</key>
				<string>$(BUILT_PRODUCTS_DIR)/whatsgoinon.app/whatsgoinon</string>
				<key>FRAMEWORK_SEARCH_PATHS</key>
				<array>
					<string>$(SDKROOT)/Developer/Library/Frameworks</string>
					<string>$(inherited)</string>
					<string>$(DEVELOPER_FRAMEWORKS_DIR)</string>
				</array>
				<key>GCC_PRECOMPILE_PREFIX_HEADER</key>
				<string>YES</string>
				<key>GCC_PREFIX_HEADER</key>
				<string>whatsgoinon/whatsgoinon-Prefix.pch</string>
				<key>INFOPLIST_FILE</key>
				<string>whatsgoinonTests/whatsgoinonTests-Info.plist</string>
				<key>PRODUCT_NAME</key>
				<string>$(TARGET_NAME)</string>
				<key>TEST_HOST</key>
				<string>$(BUNDLE_LOADER)</string>
				<key>WRAPPER_EXTENSION</key>
				<string>xctest</string>
			</dict>
			<key>isa</key>
			<string>XCBuildConfiguration</string>
			<key>name</key>
			<string>Release</string>
		</dict>
		<key>F437BFB91990486500CF61E9</key>
		<dict>
			<key>fileEncoding</key>
			<string>4</string>
			<key>isa</key>
			<string>PBXFileReference</string>
			<key>lastKnownFileType</key>
			<string>file.storyboard</string>
			<key>path</key>
			<string>ViewPosts.storyboard</string>
			<key>sourceTree</key>
			<string>&lt;group&gt;</string>
		</dict>
		<key>F437BFBA1990486500CF61E9</key>
		<dict>
			<key>fileRef</key>
			<string>F437BFB91990486500CF61E9</string>
			<key>isa</key>
			<string>PBXBuildFile</string>
		</dict>
		<key>F437BFBB1990489A00CF61E9</key>
		<dict>
			<key>children</key>
			<array>
				<string>F437BF961990452000CF61E9</string>
				<string>F437BFB91990486500CF61E9</string>
				<string>F437BFC71990500500CF61E9</string>
				<string>F437BFCB199185D000CF61E9</string>
			</array>
			<key>isa</key>
			<string>PBXGroup</string>
			<key>name</key>
			<string>Storyboards</string>
			<key>sourceTree</key>
			<string>&lt;group&gt;</string>
		</dict>
		<key>F437BFBC199048A100CF61E9</key>
		<dict>
			<key>children</key>
			<array>
				<string>F437BFBD199048AF00CF61E9</string>
				<string>F437BFC1199049D300CF61E9</string>
				<string>F437BFC319904A4200CF61E9</string>
				<string>F437BFC519904E4E00CF61E9</string>
				<string>F437BFC9199053B000CF61E9</string>
				<string>F437BFCD19918A4500CF61E9</string>
				<string>F437BFCF19918B2200CF61E9</string>
			</array>
			<key>isa</key>
			<string>PBXGroup</string>
			<key>name</key>
			<string>Views</string>
			<key>sourceTree</key>
			<string>&lt;group&gt;</string>
		</dict>
		<key>F437BFBD199048AF00CF61E9</key>
		<dict>
			<key>fileEncoding</key>
			<string>4</string>
			<key>isa</key>
			<string>PBXFileReference</string>
			<key>lastKnownFileType</key>
			<string>file.xib</string>
			<key>path</key>
			<string>WelcomeEventsView.xib</string>
			<key>sourceTree</key>
			<string>&lt;group&gt;</string>
		</dict>
		<key>F437BFBE199048AF00CF61E9</key>
		<dict>
			<key>fileRef</key>
			<string>F437BFBD199048AF00CF61E9</string>
			<key>isa</key>
			<string>PBXBuildFile</string>
		</dict>
		<key>F437BFC1199049D300CF61E9</key>
		<dict>
			<key>fileEncoding</key>
			<string>4</string>
			<key>isa</key>
			<string>PBXFileReference</string>
			<key>lastKnownFileType</key>
			<string>file.xib</string>
			<key>path</key>
			<string>SelectCategoryView.xib</string>
			<key>sourceTree</key>
			<string>&lt;group&gt;</string>
		</dict>
		<key>F437BFC2199049D300CF61E9</key>
		<dict>
			<key>fileRef</key>
			<string>F437BFC1199049D300CF61E9</string>
			<key>isa</key>
			<string>PBXBuildFile</string>
		</dict>
		<key>F437BFC319904A4200CF61E9</key>
		<dict>
			<key>fileEncoding</key>
			<string>4</string>
			<key>isa</key>
			<string>PBXFileReference</string>
			<key>lastKnownFileType</key>
			<string>file.xib</string>
			<key>path</key>
			<string>MainMenuView.xib</string>
			<key>sourceTree</key>
			<string>&lt;group&gt;</string>
		</dict>
		<key>F437BFC419904A4200CF61E9</key>
		<dict>
			<key>fileRef</key>
			<string>F437BFC319904A4200CF61E9</string>
			<key>isa</key>
			<string>PBXBuildFile</string>
		</dict>
		<key>F437BFC519904E4E00CF61E9</key>
		<dict>
			<key>fileEncoding</key>
			<string>4</string>
			<key>isa</key>
			<string>PBXFileReference</string>
			<key>lastKnownFileType</key>
			<string>file.xib</string>
			<key>path</key>
			<string>ViewEventsView.xib</string>
			<key>sourceTree</key>
			<string>&lt;group&gt;</string>
		</dict>
		<key>F437BFC619904E4E00CF61E9</key>
		<dict>
			<key>fileRef</key>
			<string>F437BFC519904E4E00CF61E9</string>
			<key>isa</key>
			<string>PBXBuildFile</string>
		</dict>
		<key>F437BFC71990500500CF61E9</key>
		<dict>
			<key>fileEncoding</key>
			<string>4</string>
			<key>isa</key>
			<string>PBXFileReference</string>
			<key>lastKnownFileType</key>
			<string>file.storyboard</string>
			<key>path</key>
			<string>Event.storyboard</string>
			<key>sourceTree</key>
			<string>&lt;group&gt;</string>
		</dict>
		<key>F437BFC81990500500CF61E9</key>
		<dict>
			<key>fileRef</key>
			<string>F437BFC71990500500CF61E9</string>
			<key>isa</key>
			<string>PBXBuildFile</string>
		</dict>
		<key>F437BFC9199053B000CF61E9</key>
		<dict>
			<key>fileEncoding</key>
			<string>4</string>
			<key>isa</key>
			<string>PBXFileReference</string>
			<key>lastKnownFileType</key>
			<string>file.xib</string>
			<key>path</key>
			<string>EventDetailsView.xib</string>
			<key>sourceTree</key>
			<string>&lt;group&gt;</string>
		</dict>
		<key>F437BFCA199053B000CF61E9</key>
		<dict>
			<key>fileRef</key>
			<string>F437BFC9199053B000CF61E9</string>
			<key>isa</key>
			<string>PBXBuildFile</string>
		</dict>
		<key>F437BFCB199185D000CF61E9</key>
		<dict>
			<key>fileEncoding</key>
			<string>4</string>
			<key>isa</key>
			<string>PBXFileReference</string>
			<key>lastKnownFileType</key>
			<string>file.storyboard</string>
			<key>path</key>
			<string>Posting.storyboard</string>
			<key>sourceTree</key>
			<string>&lt;group&gt;</string>
		</dict>
		<key>F437BFCC199185D000CF61E9</key>
		<dict>
			<key>fileRef</key>
			<string>F437BFCB199185D000CF61E9</string>
			<key>isa</key>
			<string>PBXBuildFile</string>
		</dict>
		<key>F437BFCD19918A4500CF61E9</key>
		<dict>
			<key>fileEncoding</key>
			<string>4</string>
			<key>isa</key>
			<string>PBXFileReference</string>
			<key>lastKnownFileType</key>
			<string>file.xib</string>
			<key>path</key>
			<string>InsertLocationView.xib</string>
			<key>sourceTree</key>
			<string>&lt;group&gt;</string>
		</dict>
		<key>F437BFCE19918A4500CF61E9</key>
		<dict>
			<key>fileRef</key>
			<string>F437BFCD19918A4500CF61E9</string>
			<key>isa</key>
			<string>PBXBuildFile</string>
		</dict>
		<key>F437BFCF19918B2200CF61E9</key>
		<dict>
			<key>fileEncoding</key>
			<string>4</string>
			<key>isa</key>
			<string>PBXFileReference</string>
			<key>lastKnownFileType</key>
			<string>file.xib</string>
			<key>path</key>
			<string>RateView.xib</string>
			<key>sourceTree</key>
			<string>&lt;group&gt;</string>
		</dict>
		<key>F437BFD019918B2200CF61E9</key>
		<dict>
			<key>fileRef</key>
			<string>F437BFCF19918B2200CF61E9</string>
			<key>isa</key>
			<string>PBXBuildFile</string>
		</dict>
		<key>F437BFD119918CD200CF61E9</key>
		<dict>
			<key>children</key>
			<array/>
			<key>isa</key>
			<string>PBXGroup</string>
			<key>name</key>
			<string>Location Manager</string>
			<key>sourceTree</key>
			<string>&lt;group&gt;</string>
		</dict>
		<key>F437BFD219918DE700CF61E9</key>
		<dict>
			<key>children</key>
			<array>
				<string>F437BFD319918DF800CF61E9</string>
				<string>F437BFD419918DF800CF61E9</string>
			</array>
			<key>isa</key>
			<string>PBXGroup</string>
			<key>name</key>
			<string>Sync Manager</string>
			<key>sourceTree</key>
			<string>&lt;group&gt;</string>
		</dict>
		<key>F437BFD319918DF800CF61E9</key>
		<dict>
			<key>fileEncoding</key>
			<string>4</string>
			<key>isa</key>
			<string>PBXFileReference</string>
			<key>lastKnownFileType</key>
			<string>sourcecode.c.h</string>
			<key>path</key>
			<string>DESyncManager.h</string>
			<key>sourceTree</key>
			<string>&lt;group&gt;</string>
		</dict>
		<key>F437BFD419918DF800CF61E9</key>
		<dict>
			<key>fileEncoding</key>
			<string>4</string>
			<key>isa</key>
			<string>PBXFileReference</string>
			<key>lastKnownFileType</key>
			<string>sourcecode.c.objc</string>
			<key>path</key>
			<string>DESyncManager.m</string>
			<key>sourceTree</key>
			<string>&lt;group&gt;</string>
		</dict>
		<key>F437BFD519918DF800CF61E9</key>
		<dict>
			<key>fileRef</key>
			<string>F437BFD419918DF800CF61E9</string>
			<key>isa</key>
			<string>PBXBuildFile</string>
		</dict>
		<key>F437BFD61991906300CF61E9</key>
		<dict>
			<key>isa</key>
			<string>PBXFileReference</string>
			<key>lastKnownFileType</key>
			<string>wrapper.framework</string>
			<key>path</key>
			<string>Parse.framework</string>
			<key>sourceTree</key>
			<string>&lt;group&gt;</string>
		</dict>
		<key>F437BFD71991906300CF61E9</key>
		<dict>
			<key>fileRef</key>
			<string>F437BFD61991906300CF61E9</string>
			<key>isa</key>
			<string>PBXBuildFile</string>
		</dict>
		<key>F437BFD8199190A000CF61E9</key>
		<dict>
			<key>isa</key>
			<string>PBXFileReference</string>
			<key>lastKnownFileType</key>
			<string>wrapper.framework</string>
			<key>name</key>
			<string>Accounts.framework</string>
			<key>path</key>
			<string>System/Library/Frameworks/Accounts.framework</string>
			<key>sourceTree</key>
			<string>SDKROOT</string>
		</dict>
		<key>F437BFD9199190A100CF61E9</key>
		<dict>
			<key>fileRef</key>
			<string>F437BFD8199190A000CF61E9</string>
			<key>isa</key>
			<string>PBXBuildFile</string>
		</dict>
		<key>F437BFDA199190A600CF61E9</key>
		<dict>
			<key>isa</key>
			<string>PBXFileReference</string>
			<key>lastKnownFileType</key>
			<string>wrapper.framework</string>
			<key>name</key>
			<string>AudioToolbox.framework</string>
			<key>path</key>
			<string>System/Library/Frameworks/AudioToolbox.framework</string>
			<key>sourceTree</key>
			<string>SDKROOT</string>
		</dict>
		<key>F437BFDB199190A600CF61E9</key>
		<dict>
			<key>fileRef</key>
			<string>F437BFDA199190A600CF61E9</string>
			<key>isa</key>
			<string>PBXBuildFile</string>
		</dict>
		<key>F437BFDC199190AC00CF61E9</key>
		<dict>
			<key>isa</key>
			<string>PBXFileReference</string>
			<key>lastKnownFileType</key>
			<string>wrapper.framework</string>
			<key>name</key>
			<string>CFNetwork.framework</string>
			<key>path</key>
			<string>System/Library/Frameworks/CFNetwork.framework</string>
			<key>sourceTree</key>
			<string>SDKROOT</string>
		</dict>
		<key>F437BFDD199190AC00CF61E9</key>
		<dict>
			<key>fileRef</key>
			<string>F437BFDC199190AC00CF61E9</string>
			<key>isa</key>
			<string>PBXBuildFile</string>
		</dict>
		<key>F437BFDE199190B600CF61E9</key>
		<dict>
			<key>isa</key>
			<string>PBXFileReference</string>
			<key>lastKnownFileType</key>
			<string>wrapper.framework</string>
			<key>name</key>
			<string>CoreLocation.framework</string>
			<key>path</key>
			<string>System/Library/Frameworks/CoreLocation.framework</string>
			<key>sourceTree</key>
			<string>SDKROOT</string>
		</dict>
		<key>F437BFDF199190B600CF61E9</key>
		<dict>
			<key>fileRef</key>
			<string>F437BFDE199190B600CF61E9</string>
			<key>isa</key>
			<string>PBXBuildFile</string>
		</dict>
		<key>F437BFE0199190C900CF61E9</key>
		<dict>
			<key>isa</key>
			<string>PBXFileReference</string>
			<key>lastKnownFileType</key>
			<string>compiled.mach-o.dylib</string>
			<key>name</key>
			<string>libz.dylib</string>
			<key>path</key>
			<string>usr/lib/libz.dylib</string>
			<key>sourceTree</key>
			<string>SDKROOT</string>
		</dict>
		<key>F437BFE1199190C900CF61E9</key>
		<dict>
			<key>fileRef</key>
			<string>F437BFE0199190C900CF61E9</string>
			<key>isa</key>
			<string>PBXBuildFile</string>
		</dict>
		<key>F437BFE2199190EA00CF61E9</key>
		<dict>
			<key>isa</key>
			<string>PBXFileReference</string>
			<key>lastKnownFileType</key>
			<string>wrapper.framework</string>
			<key>name</key>
			<string>MobileCoreServices.framework</string>
			<key>path</key>
			<string>System/Library/Frameworks/MobileCoreServices.framework</string>
			<key>sourceTree</key>
			<string>SDKROOT</string>
		</dict>
		<key>F437BFE3199190EA00CF61E9</key>
		<dict>
			<key>fileRef</key>
			<string>F437BFE2199190EA00CF61E9</string>
			<key>isa</key>
			<string>PBXBuildFile</string>
		</dict>
		<key>F437BFE4199190F500CF61E9</key>
		<dict>
			<key>isa</key>
			<string>PBXFileReference</string>
			<key>lastKnownFileType</key>
			<string>wrapper.framework</string>
			<key>name</key>
			<string>QuartzCore.framework</string>
			<key>path</key>
			<string>System/Library/Frameworks/QuartzCore.framework</string>
			<key>sourceTree</key>
			<string>SDKROOT</string>
		</dict>
		<key>F437BFE5199190F500CF61E9</key>
		<dict>
			<key>fileRef</key>
			<string>F437BFE4199190F500CF61E9</string>
			<key>isa</key>
			<string>PBXBuildFile</string>
		</dict>
		<key>F437BFE6199190FF00CF61E9</key>
		<dict>
			<key>isa</key>
			<string>PBXFileReference</string>
			<key>lastKnownFileType</key>
			<string>wrapper.framework</string>
			<key>name</key>
			<string>Security.framework</string>
			<key>path</key>
			<string>System/Library/Frameworks/Security.framework</string>
			<key>sourceTree</key>
			<string>SDKROOT</string>
		</dict>
		<key>F437BFE7199190FF00CF61E9</key>
		<dict>
			<key>fileRef</key>
			<string>F437BFE6199190FF00CF61E9</string>
			<key>isa</key>
			<string>PBXBuildFile</string>
		</dict>
		<key>F437BFE81991910800CF61E9</key>
		<dict>
			<key>isa</key>
			<string>PBXFileReference</string>
			<key>lastKnownFileType</key>
			<string>wrapper.framework</string>
			<key>name</key>
			<string>Social.framework</string>
			<key>path</key>
			<string>System/Library/Frameworks/Social.framework</string>
			<key>sourceTree</key>
			<string>SDKROOT</string>
		</dict>
		<key>F437BFE91991910800CF61E9</key>
		<dict>
			<key>fileRef</key>
			<string>F437BFE81991910800CF61E9</string>
			<key>isa</key>
			<string>PBXBuildFile</string>
		</dict>
		<key>F437BFEA1991911100CF61E9</key>
		<dict>
			<key>isa</key>
			<string>PBXFileReference</string>
			<key>lastKnownFileType</key>
			<string>wrapper.framework</string>
			<key>name</key>
			<string>StoreKit.framework</string>
			<key>path</key>
			<string>System/Library/Frameworks/StoreKit.framework</string>
			<key>sourceTree</key>
			<string>SDKROOT</string>
		</dict>
		<key>F437BFEB1991911100CF61E9</key>
		<dict>
			<key>fileRef</key>
			<string>F437BFEA1991911100CF61E9</string>
			<key>isa</key>
			<string>PBXBuildFile</string>
		</dict>
		<key>F437BFEC1991911900CF61E9</key>
		<dict>
			<key>isa</key>
			<string>PBXFileReference</string>
			<key>lastKnownFileType</key>
			<string>wrapper.framework</string>
			<key>name</key>
			<string>SystemConfiguration.framework</string>
			<key>path</key>
			<string>System/Library/Frameworks/SystemConfiguration.framework</string>
			<key>sourceTree</key>
			<string>SDKROOT</string>
		</dict>
		<key>F437BFED1991911900CF61E9</key>
		<dict>
			<key>fileRef</key>
			<string>F437BFEC1991911900CF61E9</string>
			<key>isa</key>
			<string>PBXBuildFile</string>
		</dict>
		<key>F437BFEE1991967300CF61E9</key>
		<dict>
			<key>children</key>
			<array>
				<string>F437BFEF1991968200CF61E9</string>
				<string>F437BFF01991968200CF61E9</string>
				<string>F437C00E1991CDEB00CF61E9</string>
				<string>F437C00F1991CDEB00CF61E9</string>
				<string>F437C0111991CE0C00CF61E9</string>
				<string>F437C0121991CE0C00CF61E9</string>
				<string>F437C0151991CE7E00CF61E9</string>
				<string>F437C0161991CE7E00CF61E9</string>
			</array>
			<key>isa</key>
			<string>PBXGroup</string>
			<key>name</key>
			<string>Event Objects</string>
			<key>sourceTree</key>
			<string>&lt;group&gt;</string>
		</dict>
		<key>F437BFEF1991968200CF61E9</key>
		<dict>
			<key>fileEncoding</key>
			<string>4</string>
			<key>isa</key>
			<string>PBXFileReference</string>
			<key>lastKnownFileType</key>
			<string>sourcecode.c.h</string>
			<key>path</key>
			<string>DEEvents.h</string>
			<key>sourceTree</key>
			<string>&lt;group&gt;</string>
		</dict>
		<key>F437BFF01991968200CF61E9</key>
		<dict>
			<key>fileEncoding</key>
			<string>4</string>
			<key>isa</key>
			<string>PBXFileReference</string>
			<key>lastKnownFileType</key>
			<string>sourcecode.c.objc</string>
			<key>path</key>
			<string>DEEvents.m</string>
			<key>sourceTree</key>
			<string>&lt;group&gt;</string>
		</dict>
		<key>F437BFF11991968200CF61E9</key>
		<dict>
			<key>fileRef</key>
			<string>F437BFF01991968200CF61E9</string>
			<key>isa</key>
			<string>PBXBuildFile</string>
		</dict>
		<key>F437BFF219919B7200CF61E9</key>
		<dict>
			<key>children</key>
			<array>
				<string>F4CCBD7B199BD6DF00532E9B</string>
				<string>F4774FAD19996A7D00FCDE66</string>
				<string>F437C0031991A2B600CF61E9</string>
				<string>F437BFF319919B9B00CF61E9</string>
				<string>F437BFF419919B9B00CF61E9</string>
				<string>F437BFFD19919F3200CF61E9</string>
				<string>F437BFFE19919F3200CF61E9</string>
			</array>
			<key>isa</key>
			<string>PBXGroup</string>
			<key>name</key>
			<string>Posting</string>
			<key>sourceTree</key>
			<string>&lt;group&gt;</string>
		</dict>
		<key>F437BFF319919B9B00CF61E9</key>
		<dict>
			<key>fileEncoding</key>
			<string>4</string>
			<key>isa</key>
			<string>PBXFileReference</string>
			<key>lastKnownFileType</key>
			<string>sourcecode.c.h</string>
			<key>path</key>
			<string>DECreatePostViewController.h</string>
			<key>sourceTree</key>
			<string>&lt;group&gt;</string>
		</dict>
		<key>F437BFF419919B9B00CF61E9</key>
		<dict>
			<key>fileEncoding</key>
			<string>4</string>
			<key>isa</key>
			<string>PBXFileReference</string>
			<key>lastKnownFileType</key>
			<string>sourcecode.c.objc</string>
			<key>path</key>
			<string>DECreatePostViewController.m</string>
			<key>sourceTree</key>
			<string>&lt;group&gt;</string>
		</dict>
		<key>F437BFF519919B9B00CF61E9</key>
		<dict>
			<key>fileRef</key>
			<string>F437BFF419919B9B00CF61E9</string>
			<key>isa</key>
			<string>PBXBuildFile</string>
		</dict>
		<key>F437BFFD19919F3200CF61E9</key>
		<dict>
			<key>fileEncoding</key>
			<string>4</string>
			<key>isa</key>
			<string>PBXFileReference</string>
			<key>lastKnownFileType</key>
			<string>sourcecode.c.h</string>
			<key>path</key>
			<string>DECreatePostView.h</string>
			<key>sourceTree</key>
			<string>&lt;group&gt;</string>
		</dict>
		<key>F437BFFE19919F3200CF61E9</key>
		<dict>
			<key>fileEncoding</key>
			<string>4</string>
			<key>isa</key>
			<string>PBXFileReference</string>
			<key>lastKnownFileType</key>
			<string>sourcecode.c.objc</string>
			<key>path</key>
			<string>DECreatePostView.m</string>
			<key>sourceTree</key>
			<string>&lt;group&gt;</string>
		</dict>
		<key>F437BFFF19919F3200CF61E9</key>
		<dict>
			<key>fileRef</key>
			<string>F437BFFE19919F3200CF61E9</string>
			<key>isa</key>
			<string>PBXBuildFile</string>
		</dict>
		<key>F437C0031991A2B600CF61E9</key>
		<dict>
			<key>children</key>
			<array>
				<string>F437C0041991A2C000CF61E9</string>
				<string>F437C0051991A2C000CF61E9</string>
				<string>F437C0071991A72E00CF61E9</string>
				<string>F437C0081991A72E00CF61E9</string>
			</array>
			<key>isa</key>
			<string>PBXGroup</string>
			<key>name</key>
			<string>Post</string>
			<key>sourceTree</key>
			<string>&lt;group&gt;</string>
		</dict>
		<key>F437C0041991A2C000CF61E9</key>
		<dict>
			<key>fileEncoding</key>
			<string>4</string>
			<key>isa</key>
			<string>PBXFileReference</string>
			<key>lastKnownFileType</key>
			<string>sourcecode.c.h</string>
			<key>path</key>
			<string>DEPost.h</string>
			<key>sourceTree</key>
			<string>&lt;group&gt;</string>
		</dict>
		<key>F437C0051991A2C000CF61E9</key>
		<dict>
			<key>fileEncoding</key>
			<string>4</string>
			<key>isa</key>
			<string>PBXFileReference</string>
			<key>lastKnownFileType</key>
			<string>sourcecode.c.objc</string>
			<key>path</key>
			<string>DEPost.m</string>
			<key>sourceTree</key>
			<string>&lt;group&gt;</string>
		</dict>
		<key>F437C0061991A2C000CF61E9</key>
		<dict>
			<key>fileRef</key>
			<string>F437C0051991A2C000CF61E9</string>
			<key>isa</key>
			<string>PBXBuildFile</string>
		</dict>
		<key>F437C0071991A72E00CF61E9</key>
		<dict>
			<key>fileEncoding</key>
			<string>4</string>
			<key>isa</key>
			<string>PBXFileReference</string>
			<key>lastKnownFileType</key>
			<string>sourcecode.c.h</string>
			<key>path</key>
			<string>DEPostManager.h</string>
			<key>sourceTree</key>
			<string>&lt;group&gt;</string>
		</dict>
		<key>F437C0081991A72E00CF61E9</key>
		<dict>
			<key>fileEncoding</key>
			<string>4</string>
			<key>isa</key>
			<string>PBXFileReference</string>
			<key>lastKnownFileType</key>
			<string>sourcecode.c.objc</string>
			<key>path</key>
			<string>DEPostManager.m</string>
			<key>sourceTree</key>
			<string>&lt;group&gt;</string>
		</dict>
		<key>F437C0091991A72E00CF61E9</key>
		<dict>
			<key>fileRef</key>
			<string>F437C0081991A72E00CF61E9</string>
			<key>isa</key>
			<string>PBXBuildFile</string>
		</dict>
		<key>F437C00A1991AB2F00CF61E9</key>
		<dict>
			<key>children</key>
			<array>
				<string>F437C00B1991AB3D00CF61E9</string>
				<string>F437C00C1991AB3D00CF61E9</string>
			</array>
			<key>isa</key>
			<string>PBXGroup</string>
			<key>name</key>
			<string>Main Screen</string>
			<key>sourceTree</key>
			<string>&lt;group&gt;</string>
		</dict>
		<key>F437C00B1991AB3D00CF61E9</key>
		<dict>
			<key>fileEncoding</key>
			<string>4</string>
			<key>isa</key>
			<string>PBXFileReference</string>
			<key>lastKnownFileType</key>
			<string>sourcecode.c.h</string>
			<key>path</key>
			<string>DEMainViewController.h</string>
			<key>sourceTree</key>
			<string>&lt;group&gt;</string>
		</dict>
		<key>F437C00C1991AB3D00CF61E9</key>
		<dict>
			<key>fileEncoding</key>
			<string>4</string>
			<key>isa</key>
			<string>PBXFileReference</string>
			<key>lastKnownFileType</key>
			<string>sourcecode.c.objc</string>
			<key>path</key>
			<string>DEMainViewController.m</string>
			<key>sourceTree</key>
			<string>&lt;group&gt;</string>
		</dict>
		<key>F437C00D1991AB3D00CF61E9</key>
		<dict>
			<key>fileRef</key>
			<string>F437C00C1991AB3D00CF61E9</string>
			<key>isa</key>
			<string>PBXBuildFile</string>
		</dict>
		<key>F437C00E1991CDEB00CF61E9</key>
		<dict>
			<key>fileEncoding</key>
			<string>4</string>
			<key>isa</key>
			<string>PBXFileReference</string>
			<key>lastKnownFileType</key>
			<string>sourcecode.c.h</string>
			<key>path</key>
			<string>DEViewEventsView.h</string>
			<key>sourceTree</key>
			<string>&lt;group&gt;</string>
		</dict>
		<key>F437C00F1991CDEB00CF61E9</key>
		<dict>
			<key>fileEncoding</key>
			<string>4</string>
			<key>isa</key>
			<string>PBXFileReference</string>
			<key>lastKnownFileType</key>
			<string>sourcecode.c.objc</string>
			<key>path</key>
			<string>DEViewEventsView.m</string>
			<key>sourceTree</key>
			<string>&lt;group&gt;</string>
		</dict>
		<key>F437C0101991CDEB00CF61E9</key>
		<dict>
			<key>fileRef</key>
			<string>F437C00F1991CDEB00CF61E9</string>
			<key>isa</key>
			<string>PBXBuildFile</string>
		</dict>
		<key>F437C0111991CE0C00CF61E9</key>
		<dict>
			<key>fileEncoding</key>
			<string>4</string>
			<key>isa</key>
			<string>PBXFileReference</string>
			<key>lastKnownFileType</key>
			<string>sourcecode.c.h</string>
			<key>path</key>
			<string>DEEventsTimeline.h</string>
			<key>sourceTree</key>
			<string>&lt;group&gt;</string>
		</dict>
		<key>F437C0121991CE0C00CF61E9</key>
		<dict>
			<key>fileEncoding</key>
			<string>4</string>
			<key>isa</key>
			<string>PBXFileReference</string>
			<key>lastKnownFileType</key>
			<string>sourcecode.c.objc</string>
			<key>path</key>
			<string>DEEventsTimeline.m</string>
			<key>sourceTree</key>
			<string>&lt;group&gt;</string>
		</dict>
		<key>F437C0131991CE0C00CF61E9</key>
		<dict>
			<key>fileRef</key>
			<string>F437C0121991CE0C00CF61E9</string>
			<key>isa</key>
			<string>PBXBuildFile</string>
		</dict>
		<key>F437C0151991CE7E00CF61E9</key>
		<dict>
			<key>fileEncoding</key>
			<string>4</string>
			<key>isa</key>
			<string>PBXFileReference</string>
			<key>lastKnownFileType</key>
			<string>sourcecode.c.h</string>
			<key>path</key>
			<string>DEViewEventsViewController.h</string>
			<key>sourceTree</key>
			<string>&lt;group&gt;</string>
		</dict>
		<key>F437C0161991CE7E00CF61E9</key>
		<dict>
			<key>fileEncoding</key>
			<string>4</string>
			<key>isa</key>
			<string>PBXFileReference</string>
			<key>lastKnownFileType</key>
			<string>sourcecode.c.objc</string>
			<key>path</key>
			<string>DEViewEventsViewController.m</string>
			<key>sourceTree</key>
			<string>&lt;group&gt;</string>
		</dict>
		<key>F437C0171991CE7E00CF61E9</key>
		<dict>
			<key>fileRef</key>
			<string>F437C0161991CE7E00CF61E9</string>
			<key>isa</key>
			<string>PBXBuildFile</string>
		</dict>
		<key>F4774F821992E37A00FCDE66</key>
		<dict>
			<key>children</key>
			<array>
				<string>F4774F831992E38400FCDE66</string>
				<string>F4774F841992E38400FCDE66</string>
			</array>
			<key>isa</key>
			<string>PBXGroup</string>
			<key>name</key>
			<string>AWS Services</string>
			<key>sourceTree</key>
			<string>&lt;group&gt;</string>
		</dict>
		<key>F4774F831992E38400FCDE66</key>
		<dict>
			<key>fileEncoding</key>
			<string>4</string>
			<key>isa</key>
			<string>PBXFileReference</string>
			<key>lastKnownFileType</key>
			<string>sourcecode.c.h</string>
			<key>path</key>
			<string>DEAWSManager.h</string>
			<key>sourceTree</key>
			<string>&lt;group&gt;</string>
		</dict>
		<key>F4774F841992E38400FCDE66</key>
		<dict>
			<key>fileEncoding</key>
			<string>4</string>
			<key>isa</key>
			<string>PBXFileReference</string>
			<key>lastKnownFileType</key>
			<string>sourcecode.c.objc</string>
			<key>path</key>
			<string>DEAWSManager.m</string>
			<key>sourceTree</key>
			<string>&lt;group&gt;</string>
		</dict>
		<key>F4774F851992E38400FCDE66</key>
		<dict>
			<key>fileRef</key>
			<string>F4774F841992E38400FCDE66</string>
			<key>isa</key>
			<string>PBXBuildFile</string>
		</dict>
		<key>F4774F871992E40C00FCDE66</key>
		<dict>
			<key>fileEncoding</key>
			<string>4</string>
			<key>isa</key>
			<string>PBXFileReference</string>
			<key>lastKnownFileType</key>
			<string>sourcecode.c.h</string>
			<key>path</key>
			<string>DELocationManager.h</string>
			<key>sourceTree</key>
			<string>&lt;group&gt;</string>
		</dict>
		<key>F4774F881992E40C00FCDE66</key>
		<dict>
			<key>fileEncoding</key>
			<string>4</string>
			<key>isa</key>
			<string>PBXFileReference</string>
			<key>lastKnownFileType</key>
			<string>sourcecode.c.objc</string>
			<key>path</key>
			<string>DELocationManager.m</string>
			<key>sourceTree</key>
			<string>&lt;group&gt;</string>
		</dict>
		<key>F4774F891992E40C00FCDE66</key>
		<dict>
			<key>fileRef</key>
			<string>F4774F881992E40C00FCDE66</string>
			<key>isa</key>
			<string>PBXBuildFile</string>
		</dict>
		<key>F4774F8E199438DD00FCDE66</key>
		<dict>
			<key>children</key>
			<array>
				<string>F4774F8F1994398F00FCDE66</string>
				<string>F4774F901994398F00FCDE66</string>
			</array>
			<key>isa</key>
			<string>PBXGroup</string>
			<key>name</key>
			<string>Dephyned Classes</string>
			<key>sourceTree</key>
			<string>&lt;group&gt;</string>
		</dict>
		<key>F4774F8F1994398F00FCDE66</key>
		<dict>
			<key>fileEncoding</key>
			<string>4</string>
			<key>isa</key>
			<string>PBXFileReference</string>
			<key>lastKnownFileType</key>
			<string>sourcecode.c.h</string>
			<key>name</key>
			<string>UDIDGenerator.h</string>
			<key>path</key>
			<string>../../../../12WeekFitness/Resources/UDIDGenerator.h</string>
			<key>sourceTree</key>
			<string>&lt;group&gt;</string>
		</dict>
		<key>F4774F901994398F00FCDE66</key>
		<dict>
			<key>fileEncoding</key>
			<string>4</string>
			<key>isa</key>
			<string>PBXFileReference</string>
			<key>lastKnownFileType</key>
			<string>sourcecode.c.objc</string>
			<key>name</key>
			<string>UDIDGenerator.m</string>
			<key>path</key>
			<string>../../../../12WeekFitness/Resources/UDIDGenerator.m</string>
			<key>sourceTree</key>
			<string>&lt;group&gt;</string>
		</dict>
		<key>F4774F911994398F00FCDE66</key>
		<dict>
			<key>fileRef</key>
			<string>F4774F901994398F00FCDE66</string>
			<key>isa</key>
			<string>PBXBuildFile</string>
		</dict>
		<key>F4774F9219944B8400FCDE66</key>
		<dict>
			<key>children</key>
			<array>
				<string>F4774F9319944B9400FCDE66</string>
				<string>F4774F9419944B9400FCDE66</string>
			</array>
			<key>isa</key>
			<string>PBXGroup</string>
			<key>name</key>
			<string>Global Screen Manager</string>
			<key>sourceTree</key>
			<string>&lt;group&gt;</string>
		</dict>
		<key>F4774F9319944B9400FCDE66</key>
		<dict>
			<key>fileEncoding</key>
			<string>4</string>
			<key>isa</key>
			<string>PBXFileReference</string>
			<key>lastKnownFileType</key>
			<string>sourcecode.c.h</string>
			<key>path</key>
			<string>DEScreenManager.h</string>
			<key>sourceTree</key>
			<string>&lt;group&gt;</string>
		</dict>
		<key>F4774F9419944B9400FCDE66</key>
		<dict>
			<key>fileEncoding</key>
			<string>4</string>
			<key>isa</key>
			<string>PBXFileReference</string>
			<key>lastKnownFileType</key>
			<string>sourcecode.c.objc</string>
			<key>path</key>
			<string>DEScreenManager.m</string>
			<key>sourceTree</key>
			<string>&lt;group&gt;</string>
		</dict>
		<key>F4774F9519944B9400FCDE66</key>
		<dict>
			<key>fileRef</key>
			<string>F4774F9419944B9400FCDE66</string>
			<key>isa</key>
			<string>PBXBuildFile</string>
		</dict>
		<key>F4774F9619955E0B00FCDE66</key>
		<dict>
			<key>children</key>
			<array>
				<string>F4774F9819955E3700FCDE66</string>
				<string>F437BFD219918DE700CF61E9</string>
				<string>F4774F821992E37A00FCDE66</string>
				<string>F4774F9719955E1A00FCDE66</string>
				<string>F4774F9219944B8400FCDE66</string>
			</array>
			<key>isa</key>
			<string>PBXGroup</string>
			<key>name</key>
			<string>Managers</string>
			<key>sourceTree</key>
			<string>&lt;group&gt;</string>
		</dict>
		<key>F4774F9719955E1A00FCDE66</key>
		<dict>
			<key>children</key>
			<array>
				<string>F4774F871992E40C00FCDE66</string>
				<string>F4774F881992E40C00FCDE66</string>
			</array>
			<key>isa</key>
			<string>PBXGroup</string>
			<key>name</key>
			<string>Location Manager</string>
			<key>sourceTree</key>
			<string>&lt;group&gt;</string>
		</dict>
		<key>F4774F9819955E3700FCDE66</key>
		<dict>
			<key>children</key>
			<array>
				<string>F4774F9919955E4200FCDE66</string>
				<string>F4774F9A19955E4200FCDE66</string>
			</array>
			<key>isa</key>
			<string>PBXGroup</string>
			<key>name</key>
			<string>User Manager</string>
			<key>sourceTree</key>
			<string>&lt;group&gt;</string>
		</dict>
		<key>F4774F9919955E4200FCDE66</key>
		<dict>
			<key>fileEncoding</key>
			<string>4</string>
			<key>isa</key>
			<string>PBXFileReference</string>
			<key>lastKnownFileType</key>
			<string>sourcecode.c.h</string>
			<key>path</key>
			<string>DEUserManager.h</string>
			<key>sourceTree</key>
			<string>&lt;group&gt;</string>
		</dict>
		<key>F4774F9A19955E4200FCDE66</key>
		<dict>
			<key>fileEncoding</key>
			<string>4</string>
			<key>isa</key>
			<string>PBXFileReference</string>
			<key>lastKnownFileType</key>
			<string>sourcecode.c.objc</string>
			<key>path</key>
			<string>DEUserManager.m</string>
			<key>sourceTree</key>
			<string>&lt;group&gt;</string>
		</dict>
		<key>F4774F9B19955E4200FCDE66</key>
		<dict>
			<key>fileRef</key>
			<string>F4774F9A19955E4200FCDE66</string>
			<key>isa</key>
			<string>PBXBuildFile</string>
		</dict>
		<key>F4774F9C1995628700FCDE66</key>
		<dict>
			<key>children</key>
			<array>
				<string>F4774F9D1995629500FCDE66</string>
				<string>F4774F9E1995629500FCDE66</string>
				<string>F4774FA01995653D00FCDE66</string>
				<string>F4774FA11995653D00FCDE66</string>
				<string>F4774FA31995655500FCDE66</string>
				<string>F4774FA41995655500FCDE66</string>
				<string>F4774FA619956BBE00FCDE66</string>
				<string>F4774FA719956BBE00FCDE66</string>
				<string>F4774FA9199575CE00FCDE66</string>
				<string>F4774FAA199575CE00FCDE66</string>
			</array>
			<key>isa</key>
			<string>PBXGroup</string>
			<key>name</key>
			<string>Login</string>
			<key>sourceTree</key>
			<string>&lt;group&gt;</string>
		</dict>
		<key>F4774F9D1995629500FCDE66</key>
		<dict>
			<key>fileEncoding</key>
			<string>4</string>
			<key>isa</key>
			<string>PBXFileReference</string>
			<key>lastKnownFileType</key>
			<string>sourcecode.c.h</string>
			<key>path</key>
			<string>DELoginViewController.h</string>
			<key>sourceTree</key>
			<string>&lt;group&gt;</string>
		</dict>
		<key>F4774F9E1995629500FCDE66</key>
		<dict>
			<key>fileEncoding</key>
			<string>4</string>
			<key>isa</key>
			<string>PBXFileReference</string>
			<key>lastKnownFileType</key>
			<string>sourcecode.c.objc</string>
			<key>path</key>
			<string>DELoginViewController.m</string>
			<key>sourceTree</key>
			<string>&lt;group&gt;</string>
		</dict>
		<key>F4774F9F1995629500FCDE66</key>
		<dict>
			<key>fileRef</key>
			<string>F4774F9E1995629500FCDE66</string>
			<key>isa</key>
			<string>PBXBuildFile</string>
		</dict>
		<key>F4774FA01995653D00FCDE66</key>
		<dict>
			<key>fileEncoding</key>
			<string>4</string>
			<key>isa</key>
			<string>PBXFileReference</string>
			<key>lastKnownFileType</key>
			<string>sourcecode.c.h</string>
			<key>path</key>
			<string>DEPromptLoginView.h</string>
			<key>sourceTree</key>
			<string>&lt;group&gt;</string>
		</dict>
		<key>F4774FA11995653D00FCDE66</key>
		<dict>
			<key>fileEncoding</key>
			<string>4</string>
			<key>isa</key>
			<string>PBXFileReference</string>
			<key>lastKnownFileType</key>
			<string>sourcecode.c.objc</string>
			<key>path</key>
			<string>DEPromptLoginView.m</string>
			<key>sourceTree</key>
			<string>&lt;group&gt;</string>
		</dict>
		<key>F4774FA21995653D00FCDE66</key>
		<dict>
			<key>fileRef</key>
			<string>F4774FA11995653D00FCDE66</string>
			<key>isa</key>
			<string>PBXBuildFile</string>
		</dict>
		<key>F4774FA31995655500FCDE66</key>
		<dict>
			<key>fileEncoding</key>
			<string>4</string>
			<key>isa</key>
			<string>PBXFileReference</string>
			<key>lastKnownFileType</key>
			<string>sourcecode.c.h</string>
			<key>path</key>
			<string>DECreateAccountView.h</string>
			<key>sourceTree</key>
			<string>&lt;group&gt;</string>
		</dict>
		<key>F4774FA41995655500FCDE66</key>
		<dict>
			<key>fileEncoding</key>
			<string>4</string>
			<key>isa</key>
			<string>PBXFileReference</string>
			<key>lastKnownFileType</key>
			<string>sourcecode.c.objc</string>
			<key>path</key>
			<string>DECreateAccountView.m</string>
			<key>sourceTree</key>
			<string>&lt;group&gt;</string>
		</dict>
		<key>F4774FA51995655500FCDE66</key>
		<dict>
			<key>fileRef</key>
			<string>F4774FA41995655500FCDE66</string>
			<key>isa</key>
			<string>PBXBuildFile</string>
		</dict>
		<key>F4774FA619956BBE00FCDE66</key>
		<dict>
			<key>fileEncoding</key>
			<string>4</string>
			<key>isa</key>
			<string>PBXFileReference</string>
			<key>lastKnownFileType</key>
			<string>sourcecode.c.h</string>
			<key>path</key>
			<string>DECreateAccountViewController.h</string>
			<key>sourceTree</key>
			<string>&lt;group&gt;</string>
		</dict>
		<key>F4774FA719956BBE00FCDE66</key>
		<dict>
			<key>fileEncoding</key>
			<string>4</string>
			<key>isa</key>
			<string>PBXFileReference</string>
			<key>lastKnownFileType</key>
			<string>sourcecode.c.objc</string>
			<key>path</key>
			<string>DECreateAccountViewController.m</string>
			<key>sourceTree</key>
			<string>&lt;group&gt;</string>
		</dict>
		<key>F4774FA819956BBE00FCDE66</key>
		<dict>
			<key>fileRef</key>
			<string>F4774FA719956BBE00FCDE66</string>
			<key>isa</key>
			<string>PBXBuildFile</string>
		</dict>
		<key>F4774FA9199575CE00FCDE66</key>
		<dict>
			<key>fileEncoding</key>
			<string>4</string>
			<key>isa</key>
			<string>PBXFileReference</string>
			<key>lastKnownFileType</key>
			<string>sourcecode.c.h</string>
			<key>path</key>
			<string>DELoginView.h</string>
			<key>sourceTree</key>
			<string>&lt;group&gt;</string>
		</dict>
		<key>F4774FAA199575CE00FCDE66</key>
		<dict>
			<key>fileEncoding</key>
			<string>4</string>
			<key>isa</key>
			<string>PBXFileReference</string>
			<key>lastKnownFileType</key>
			<string>sourcecode.c.objc</string>
			<key>path</key>
			<string>DELoginView.m</string>
			<key>sourceTree</key>
			<string>&lt;group&gt;</string>
		</dict>
		<key>F4774FAB199575CE00FCDE66</key>
		<dict>
			<key>fileRef</key>
			<string>F4774FAA199575CE00FCDE66</string>
			<key>isa</key>
			<string>PBXBuildFile</string>
		</dict>
		<key>F4774FAD19996A7D00FCDE66</key>
		<dict>
			<key>children</key>
			<array>
				<string>F4774FAE19996A9B00FCDE66</string>
				<string>F4774FAF19996A9B00FCDE66</string>
				<string>F4774FB119996E7B00FCDE66</string>
				<string>F4774FB219996E7B00FCDE66</string>
				<string>F4774FB4199974A600FCDE66</string>
				<string>F4774FB5199974A600FCDE66</string>
				<string>F4CCBD5E19997D6600532E9B</string>
				<string>F4CCBD5F19997D6600532E9B</string>
			</array>
			<key>isa</key>
			<string>PBXGroup</string>
			<key>name</key>
			<string>View Post Details</string>
			<key>sourceTree</key>
			<string>&lt;group&gt;</string>
		</dict>
		<key>F4774FAE19996A9B00FCDE66</key>
		<dict>
			<key>fileEncoding</key>
			<string>4</string>
			<key>isa</key>
			<string>PBXFileReference</string>
			<key>lastKnownFileType</key>
			<string>sourcecode.c.h</string>
			<key>path</key>
			<string>DEEventView.h</string>
			<key>sourceTree</key>
			<string>&lt;group&gt;</string>
		</dict>
		<key>F4774FAF19996A9B00FCDE66</key>
		<dict>
			<key>fileEncoding</key>
			<string>4</string>
			<key>isa</key>
			<string>PBXFileReference</string>
			<key>lastKnownFileType</key>
			<string>sourcecode.c.objc</string>
			<key>path</key>
			<string>DEEventView.m</string>
			<key>sourceTree</key>
			<string>&lt;group&gt;</string>
		</dict>
		<key>F4774FB019996A9B00FCDE66</key>
		<dict>
			<key>fileRef</key>
			<string>F4774FAF19996A9B00FCDE66</string>
			<key>isa</key>
			<string>PBXBuildFile</string>
		</dict>
		<key>F4774FB119996E7B00FCDE66</key>
		<dict>
			<key>fileEncoding</key>
			<string>4</string>
			<key>isa</key>
			<string>PBXFileReference</string>
			<key>lastKnownFileType</key>
			<string>sourcecode.c.h</string>
			<key>path</key>
			<string>DEEventViewController.h</string>
			<key>sourceTree</key>
			<string>&lt;group&gt;</string>
		</dict>
		<key>F4774FB219996E7B00FCDE66</key>
		<dict>
			<key>fileEncoding</key>
			<string>4</string>
			<key>isa</key>
			<string>PBXFileReference</string>
			<key>lastKnownFileType</key>
			<string>sourcecode.c.objc</string>
			<key>path</key>
			<string>DEEventViewController.m</string>
			<key>sourceTree</key>
			<string>&lt;group&gt;</string>
		</dict>
		<key>F4774FB319996E7B00FCDE66</key>
		<dict>
			<key>fileRef</key>
			<string>F4774FB219996E7B00FCDE66</string>
			<key>isa</key>
			<string>PBXBuildFile</string>
		</dict>
		<key>F4774FB4199974A600FCDE66</key>
		<dict>
			<key>fileEncoding</key>
			<string>4</string>
			<key>isa</key>
			<string>PBXFileReference</string>
			<key>lastKnownFileType</key>
			<string>sourcecode.c.h</string>
			<key>path</key>
			<string>DEEventDetailsViewController.h</string>
			<key>sourceTree</key>
			<string>&lt;group&gt;</string>
		</dict>
		<key>F4774FB5199974A600FCDE66</key>
		<dict>
			<key>fileEncoding</key>
			<string>4</string>
			<key>isa</key>
			<string>PBXFileReference</string>
			<key>lastKnownFileType</key>
			<string>sourcecode.c.objc</string>
			<key>path</key>
			<string>DEEventDetailsViewController.m</string>
			<key>sourceTree</key>
			<string>&lt;group&gt;</string>
		</dict>
		<key>F4774FB6199974A600FCDE66</key>
		<dict>
			<key>fileRef</key>
			<string>F4774FB5199974A600FCDE66</string>
			<key>isa</key>
			<string>PBXBuildFile</string>
		</dict>
		<key>F4CCBD5E19997D6600532E9B</key>
		<dict>
			<key>fileEncoding</key>
			<string>4</string>
			<key>isa</key>
			<string>PBXFileReference</string>
			<key>lastKnownFileType</key>
			<string>sourcecode.c.h</string>
			<key>path</key>
			<string>DEEventDetailsView.h</string>
			<key>sourceTree</key>
			<string>&lt;group&gt;</string>
		</dict>
		<key>F4CCBD5F19997D6600532E9B</key>
		<dict>
			<key>fileEncoding</key>
			<string>4</string>
			<key>isa</key>
			<string>PBXFileReference</string>
			<key>lastKnownFileType</key>
			<string>sourcecode.c.objc</string>
			<key>path</key>
			<string>DEEventDetailsView.m</string>
			<key>sourceTree</key>
			<string>&lt;group&gt;</string>
		</dict>
		<key>F4CCBD6019997D6600532E9B</key>
		<dict>
			<key>fileRef</key>
			<string>F4CCBD5F19997D6600532E9B</string>
			<key>isa</key>
			<string>PBXBuildFile</string>
		</dict>
		<key>F4CCBD6119997F9A00532E9B</key>
		<dict>
			<key>children</key>
			<array>
				<string>F4CCBD6519997FCF00532E9B</string>
				<string>F4CCBD6619997FCF00532E9B</string>
				<string>F4CCBD6719997FCF00532E9B</string>
				<string>F4CCBD6A199980B800532E9B</string>
				<string>F4CCBD6B199980B800532E9B</string>
			</array>
			<key>isa</key>
			<string>PBXGroup</string>
			<key>name</key>
			<string>Add Value Screen</string>
			<key>sourceTree</key>
			<string>&lt;group&gt;</string>
		</dict>
		<key>F4CCBD6519997FCF00532E9B</key>
		<dict>
			<key>fileEncoding</key>
			<string>4</string>
			<key>isa</key>
			<string>PBXFileReference</string>
			<key>lastKnownFileType</key>
			<string>sourcecode.c.h</string>
			<key>path</key>
			<string>DEAddValueViewController.h</string>
			<key>sourceTree</key>
			<string>&lt;group&gt;</string>
		</dict>
		<key>F4CCBD6619997FCF00532E9B</key>
		<dict>
			<key>fileEncoding</key>
			<string>4</string>
			<key>isa</key>
			<string>PBXFileReference</string>
			<key>lastKnownFileType</key>
			<string>sourcecode.c.objc</string>
			<key>path</key>
			<string>DEAddValueViewController.m</string>
			<key>sourceTree</key>
			<string>&lt;group&gt;</string>
		</dict>
		<key>F4CCBD6719997FCF00532E9B</key>
		<dict>
			<key>fileEncoding</key>
			<string>4</string>
			<key>isa</key>
			<string>PBXFileReference</string>
			<key>lastKnownFileType</key>
			<string>file.xib</string>
			<key>path</key>
			<string>DEAddValueViewController.xib</string>
			<key>sourceTree</key>
			<string>&lt;group&gt;</string>
		</dict>
		<key>F4CCBD6819997FCF00532E9B</key>
		<dict>
			<key>fileRef</key>
			<string>F4CCBD6619997FCF00532E9B</string>
			<key>isa</key>
			<string>PBXBuildFile</string>
		</dict>
		<key>F4CCBD6919997FCF00532E9B</key>
		<dict>
			<key>fileRef</key>
			<string>F4CCBD6719997FCF00532E9B</string>
			<key>isa</key>
			<string>PBXBuildFile</string>
		</dict>
		<key>F4CCBD6A199980B800532E9B</key>
		<dict>
			<key>fileEncoding</key>
			<string>4</string>
			<key>isa</key>
			<string>PBXFileReference</string>
			<key>lastKnownFileType</key>
			<string>sourcecode.c.h</string>
			<key>path</key>
			<string>DEAddValueView.h</string>
			<key>sourceTree</key>
			<string>&lt;group&gt;</string>
		</dict>
		<key>F4CCBD6B199980B800532E9B</key>
		<dict>
			<key>fileEncoding</key>
			<string>4</string>
			<key>isa</key>
			<string>PBXFileReference</string>
			<key>lastKnownFileType</key>
			<string>sourcecode.c.objc</string>
			<key>path</key>
			<string>DEAddValueView.m</string>
			<key>sourceTree</key>
			<string>&lt;group&gt;</string>
		</dict>
		<key>F4CCBD6C199980B800532E9B</key>
		<dict>
			<key>fileRef</key>
			<string>F4CCBD6B199980B800532E9B</string>
			<key>isa</key>
			<string>PBXBuildFile</string>
		</dict>
		<key>F4CCBD6D199AADBD00532E9B</key>
		<dict>
			<key>children</key>
			<array>
				<string>F4CCBD6E199AADBD00532E9B</string>
				<string>F4CCBD6F199AADBD00532E9B</string>
				<string>F4CCBD70199AADBD00532E9B</string>
				<string>F4CCBD71199AADBD00532E9B</string>
				<string>F4CCBD72199AADBD00532E9B</string>
				<string>F4CCBD73199AADBD00532E9B</string>
			</array>
			<key>isa</key>
			<string>PBXGroup</string>
			<key>path</key>
			<string>TestFlightSDK3.0.2</string>
			<key>sourceTree</key>
			<string>&lt;group&gt;</string>
		</dict>
		<key>F4CCBD6E199AADBD00532E9B</key>
		<dict>
			<key>isa</key>
			<string>PBXFileReference</string>
			<key>lastKnownFileType</key>
			<string>archive.ar</string>
			<key>path</key>
			<string>libTestFlight.a</string>
			<key>sourceTree</key>
			<string>&lt;group&gt;</string>
		</dict>
		<key>F4CCBD6F199AADBD00532E9B</key>
		<dict>
			<key>fileEncoding</key>
			<string>4</string>
			<key>isa</key>
			<string>PBXFileReference</string>
			<key>lastKnownFileType</key>
			<string>text</string>
			<key>path</key>
			<string>README.md</string>
			<key>sourceTree</key>
			<string>&lt;group&gt;</string>
		</dict>
		<key>F4CCBD70199AADBD00532E9B</key>
		<dict>
			<key>fileEncoding</key>
			<string>4</string>
			<key>isa</key>
			<string>PBXFileReference</string>
			<key>lastKnownFileType</key>
			<string>text</string>
			<key>path</key>
			<string>release_notes.md</string>
			<key>sourceTree</key>
			<string>&lt;group&gt;</string>
		</dict>
		<key>F4CCBD71199AADBD00532E9B</key>
		<dict>
			<key>fileEncoding</key>
			<string>4</string>
			<key>isa</key>
			<string>PBXFileReference</string>
			<key>lastKnownFileType</key>
			<string>sourcecode.c.h</string>
			<key>path</key>
			<string>TestFlight+AsyncLogging.h</string>
			<key>sourceTree</key>
			<string>&lt;group&gt;</string>
		</dict>
		<key>F4CCBD72199AADBD00532E9B</key>
		<dict>
			<key>fileEncoding</key>
			<string>4</string>
			<key>isa</key>
			<string>PBXFileReference</string>
			<key>lastKnownFileType</key>
			<string>sourcecode.c.h</string>
			<key>path</key>
			<string>TestFlight+ManualSessions.h</string>
			<key>sourceTree</key>
			<string>&lt;group&gt;</string>
		</dict>
		<key>F4CCBD73199AADBD00532E9B</key>
		<dict>
			<key>fileEncoding</key>
			<string>4</string>
			<key>isa</key>
			<string>PBXFileReference</string>
			<key>lastKnownFileType</key>
			<string>sourcecode.c.h</string>
			<key>path</key>
			<string>TestFlight.h</string>
			<key>sourceTree</key>
			<string>&lt;group&gt;</string>
		</dict>
		<key>F4CCBD74199AADBD00532E9B</key>
		<dict>
			<key>fileRef</key>
			<string>F4CCBD6E199AADBD00532E9B</string>
			<key>isa</key>
			<string>PBXBuildFile</string>
		</dict>
		<key>F4CCBD75199AADBD00532E9B</key>
		<dict>
			<key>fileRef</key>
			<string>F4CCBD6F199AADBD00532E9B</string>
			<key>isa</key>
			<string>PBXBuildFile</string>
		</dict>
		<key>F4CCBD76199AADBD00532E9B</key>
		<dict>
			<key>fileRef</key>
			<string>F4CCBD70199AADBD00532E9B</string>
			<key>isa</key>
			<string>PBXBuildFile</string>
		</dict>
		<key>F4CCBD77199B0A4A00532E9B</key>
		<dict>
			<key>children</key>
			<array>
				<string>F4CCBD78199B0A9900532E9B</string>
				<string>F4CCBD79199B0A9900532E9B</string>
			</array>
			<key>isa</key>
			<string>PBXGroup</string>
			<key>name</key>
			<string>Constants</string>
			<key>sourceTree</key>
			<string>&lt;group&gt;</string>
		</dict>
		<key>F4CCBD78199B0A9900532E9B</key>
		<dict>
			<key>fileEncoding</key>
			<string>4</string>
			<key>isa</key>
			<string>PBXFileReference</string>
			<key>lastKnownFileType</key>
			<string>sourcecode.c.h</string>
			<key>path</key>
			<string>Constants.h</string>
			<key>sourceTree</key>
			<string>&lt;group&gt;</string>
		</dict>
		<key>F4CCBD79199B0A9900532E9B</key>
		<dict>
			<key>fileEncoding</key>
			<string>4</string>
			<key>isa</key>
			<string>PBXFileReference</string>
			<key>lastKnownFileType</key>
			<string>sourcecode.c.objc</string>
			<key>path</key>
			<string>Constants.m</string>
			<key>sourceTree</key>
			<string>&lt;group&gt;</string>
		</dict>
		<key>F4CCBD7A199B0A9900532E9B</key>
		<dict>
			<key>fileRef</key>
			<string>F4CCBD79199B0A9900532E9B</string>
			<key>isa</key>
			<string>PBXBuildFile</string>
		</dict>
		<key>F4CCBD7B199BD6DF00532E9B</key>
		<dict>
			<key>children</key>
			<array>
				<string>F4CCBD7C199BD6F500532E9B</string>
				<string>F4CCBD7D199BD6F500532E9B</string>
				<string>F4CCBD7F199BF30200532E9B</string>
				<string>F4CCBD80199BF30200532E9B</string>
				<string>F4CCBD82199BF6C300532E9B</string>
			</array>
			<key>isa</key>
			<string>PBXGroup</string>
			<key>name</key>
			<string>Categories</string>
			<key>sourceTree</key>
			<string>&lt;group&gt;</string>
		</dict>
		<key>F4CCBD7C199BD6F500532E9B</key>
		<dict>
			<key>fileEncoding</key>
			<string>4</string>
			<key>isa</key>
			<string>PBXFileReference</string>
			<key>lastKnownFileType</key>
			<string>sourcecode.c.h</string>
			<key>path</key>
			<string>DESelectCategoryView.h</string>
			<key>sourceTree</key>
			<string>&lt;group&gt;</string>
		</dict>
		<key>F4CCBD7D199BD6F500532E9B</key>
		<dict>
			<key>fileEncoding</key>
			<string>4</string>
			<key>isa</key>
			<string>PBXFileReference</string>
			<key>lastKnownFileType</key>
			<string>sourcecode.c.objc</string>
			<key>path</key>
			<string>DESelectCategoryView.m</string>
			<key>sourceTree</key>
			<string>&lt;group&gt;</string>
		</dict>
		<key>F4CCBD7E199BD6F500532E9B</key>
		<dict>
			<key>fileRef</key>
			<string>F4CCBD7D199BD6F500532E9B</string>
			<key>isa</key>
			<string>PBXBuildFile</string>
		</dict>
		<key>F4CCBD7F199BF30200532E9B</key>
		<dict>
			<key>fileEncoding</key>
			<string>4</string>
			<key>isa</key>
			<string>PBXFileReference</string>
			<key>lastKnownFileType</key>
			<string>sourcecode.c.h</string>
			<key>path</key>
			<string>DESector.h</string>
			<key>sourceTree</key>
			<string>&lt;group&gt;</string>
		</dict>
		<key>F4CCBD80199BF30200532E9B</key>
		<dict>
			<key>fileEncoding</key>
			<string>4</string>
			<key>isa</key>
			<string>PBXFileReference</string>
			<key>lastKnownFileType</key>
			<string>sourcecode.c.objc</string>
			<key>path</key>
			<string>DESector.m</string>
			<key>sourceTree</key>
			<string>&lt;group&gt;</string>
		</dict>
		<key>F4CCBD81199BF30200532E9B</key>
		<dict>
			<key>fileRef</key>
			<string>F4CCBD80199BF30200532E9B</string>
			<key>isa</key>
			<string>PBXBuildFile</string>
		</dict>
		<key>F4CCBD82199BF6C300532E9B</key>
		<dict>
			<key>isa</key>
			<string>PBXFileReference</string>
			<key>lastKnownFileType</key>
			<string>sourcecode.c.h</string>
			<key>path</key>
			<string>DERotaryProtocol.h</string>
			<key>sourceTree</key>
			<string>&lt;group&gt;</string>
		</dict>
	</dict>
	<key>rootObject</key>
	<string>F437BF791990452000CF61E9</string>
</dict>
</plist>
